
Microsoft Visual Studio Solution File, Format Version 12.00
# Visual Studio Version 16
VisualStudioVersion = 16.0.29123.88
MinimumVisualStudioVersion = 10.0.40219.1
Project("{FAE04EC0-301F-11D3-BF4B-00C04F79EFBC}") = "Devdeb.WPF", "Devdeb.WPF\Devdeb.WPF.csproj", "{A5581A66-546C-486E-959F-21105EDF0E34}"
EndProject
Project("{2150E333-8FDC-42A3-9474-1A3956D46DE8}") = "Tests", "Tests", "{0FF2AC96-AF88-4566-AC3E-020A95E2BE58}"
EndProject
Project("{9A19103F-16F7-4668-BE54-9A1E7A4F7556}") = "Devdeb.Serialization", "Devdeb.Serialization\Devdeb.Serialization.csproj", "{F0D96468-51EA-43D1-8179-4BBAF1CF98AD}"
EndProject
Project("{9A19103F-16F7-4668-BE54-9A1E7A4F7556}") = "Devdeb", "Devdeb\Devdeb.csproj", "{C806E973-56E5-430F-9503-24F645A04A72}"
EndProject
Project("{9A19103F-16F7-4668-BE54-9A1E7A4F7556}") = "Devdeb.Network", "Devdeb.Network\Devdeb.Network.csproj", "{438D2699-29CB-4229-8934-F220E154E90C}"
EndProject
Project("{2150E333-8FDC-42A3-9474-1A3956D46DE8}") = "Network", "Network", "{B394F127-E2CB-4045-8DED-BC716973ABA8}"
EndProject
Project("{FAE04EC0-301F-11D3-BF4B-00C04F79EFBC}") = "Devdeb.Tests.Network.Server", "Tests\Network\Devdeb.Tests.Network.Server\Devdeb.Tests.Network.Server.csproj", "{41C5D208-5C59-412D-9565-20190DA03192}"
EndProject
Project("{FAE04EC0-301F-11D3-BF4B-00C04F79EFBC}") = "Devdeb.Tests.Network.Client", "Tests\Network\Devdeb.Tests.Network.Client\Devdeb.Tests.Network.Client.csproj", "{F73B2477-9551-4806-BF2C-407ED78CA9C0}"
EndProject
Project("{9A19103F-16F7-4668-BE54-9A1E7A4F7556}") = "Devdeb.Sets", "Devdeb.Sets\Devdeb.Sets.csproj", "{88231437-660C-4B2C-AEBB-2D19260A8E51}"
EndProject
Project("{2150E333-8FDC-42A3-9474-1A3956D46DE8}") = "Sets", "Sets", "{9438BBBF-6A34-4593-9FA4-6AAC4C09943F}"
EndProject
Project("{2150E333-8FDC-42A3-9474-1A3956D46DE8}") = "Serialization", "Serialization", "{D72A6445-552B-46F6-AECC-67FF34658332}"
EndProject
Project("{9A19103F-16F7-4668-BE54-9A1E7A4F7556}") = "Devdeb.Tests.Serialization", "Tests\Serialization\Devdeb.Tests.Serialization\Devdeb.Tests.Serialization.csproj", "{2D5BDB01-4C43-4986-84C5-9B0A5AED5CC3}"
EndProject
Project("{9A19103F-16F7-4668-BE54-9A1E7A4F7556}") = "Devdeb.Tests.Sets", "Tests\Sets\Devdeb.Tests.Sets\Devdeb.Tests.Sets.csproj", "{9DC19E9E-D422-49FB-8038-CCECA35A5CFC}"
EndProject
Project("{9A19103F-16F7-4668-BE54-9A1E7A4F7556}") = "Devdeb.Cryptography", "Devdeb.Cryptography\Devdeb.Cryptography.csproj", "{F596EB2F-9CB5-4680-AFEA-7121D0EE5C1A}"
EndProject
Project("{2150E333-8FDC-42A3-9474-1A3956D46DE8}") = "Cryptography", "Cryptography", "{8CAF290E-FDDE-43A4-A50E-254BEC69853C}"
EndProject
Project("{9A19103F-16F7-4668-BE54-9A1E7A4F7556}") = "Devdeb.Tests.Cryptography", "Tests\Cryptography\Devdeb.Tests.Cryptography\Devdeb.Tests.Cryptography.csproj", "{E1D91710-1CE6-4C87-B911-3389D895275D}"
EndProject
Project("{FAE04EC0-301F-11D3-BF4B-00C04F79EFBC}") = "Devdeb.Tests.Common", "Tests\Devdeb.Tests.Common\Devdeb.Tests.Common.csproj", "{42464162-924C-4BE7-8F8D-5FD4488B9BD7}"
EndProject
Global
	GlobalSection(SolutionConfigurationPlatforms) = preSolution
		Debug|Any CPU = Debug|Any CPU
		Debug|ARM = Debug|ARM
		Debug|ARM64 = Debug|ARM64
		Debug|x64 = Debug|x64
		Debug|x86 = Debug|x86
		Release|Any CPU = Release|Any CPU
		Release|ARM = Release|ARM
		Release|ARM64 = Release|ARM64
		Release|x64 = Release|x64
		Release|x86 = Release|x86
	EndGlobalSection
	GlobalSection(ProjectConfigurationPlatforms) = postSolution
		{A5581A66-546C-486E-959F-21105EDF0E34}.Debug|Any CPU.ActiveCfg = Debug|Any CPU
		{A5581A66-546C-486E-959F-21105EDF0E34}.Debug|Any CPU.Build.0 = Debug|Any CPU
		{A5581A66-546C-486E-959F-21105EDF0E34}.Debug|ARM.ActiveCfg = Debug|Any CPU
		{A5581A66-546C-486E-959F-21105EDF0E34}.Debug|ARM.Build.0 = Debug|Any CPU
		{A5581A66-546C-486E-959F-21105EDF0E34}.Debug|ARM64.ActiveCfg = Debug|Any CPU
		{A5581A66-546C-486E-959F-21105EDF0E34}.Debug|ARM64.Build.0 = Debug|Any CPU
		{A5581A66-546C-486E-959F-21105EDF0E34}.Debug|x64.ActiveCfg = Debug|Any CPU
		{A5581A66-546C-486E-959F-21105EDF0E34}.Debug|x64.Build.0 = Debug|Any CPU
		{A5581A66-546C-486E-959F-21105EDF0E34}.Debug|x86.ActiveCfg = Debug|Any CPU
		{A5581A66-546C-486E-959F-21105EDF0E34}.Debug|x86.Build.0 = Debug|Any CPU
		{A5581A66-546C-486E-959F-21105EDF0E34}.Release|Any CPU.ActiveCfg = Release|Any CPU
		{A5581A66-546C-486E-959F-21105EDF0E34}.Release|Any CPU.Build.0 = Release|Any CPU
		{A5581A66-546C-486E-959F-21105EDF0E34}.Release|ARM.ActiveCfg = Release|Any CPU
		{A5581A66-546C-486E-959F-21105EDF0E34}.Release|ARM.Build.0 = Release|Any CPU
		{A5581A66-546C-486E-959F-21105EDF0E34}.Release|ARM64.ActiveCfg = Release|Any CPU
		{A5581A66-546C-486E-959F-21105EDF0E34}.Release|ARM64.Build.0 = Release|Any CPU
		{A5581A66-546C-486E-959F-21105EDF0E34}.Release|x64.ActiveCfg = Release|Any CPU
		{A5581A66-546C-486E-959F-21105EDF0E34}.Release|x64.Build.0 = Release|Any CPU
		{A5581A66-546C-486E-959F-21105EDF0E34}.Release|x86.ActiveCfg = Release|Any CPU
		{A5581A66-546C-486E-959F-21105EDF0E34}.Release|x86.Build.0 = Release|Any CPU
		{F0D96468-51EA-43D1-8179-4BBAF1CF98AD}.Debug|Any CPU.ActiveCfg = Debug|Any CPU
		{F0D96468-51EA-43D1-8179-4BBAF1CF98AD}.Debug|Any CPU.Build.0 = Debug|Any CPU
		{F0D96468-51EA-43D1-8179-4BBAF1CF98AD}.Debug|ARM.ActiveCfg = Debug|Any CPU
		{F0D96468-51EA-43D1-8179-4BBAF1CF98AD}.Debug|ARM.Build.0 = Debug|Any CPU
		{F0D96468-51EA-43D1-8179-4BBAF1CF98AD}.Debug|ARM64.ActiveCfg = Debug|Any CPU
		{F0D96468-51EA-43D1-8179-4BBAF1CF98AD}.Debug|ARM64.Build.0 = Debug|Any CPU
		{F0D96468-51EA-43D1-8179-4BBAF1CF98AD}.Debug|x64.ActiveCfg = Debug|Any CPU
		{F0D96468-51EA-43D1-8179-4BBAF1CF98AD}.Debug|x64.Build.0 = Debug|Any CPU
		{F0D96468-51EA-43D1-8179-4BBAF1CF98AD}.Debug|x86.ActiveCfg = Debug|Any CPU
		{F0D96468-51EA-43D1-8179-4BBAF1CF98AD}.Debug|x86.Build.0 = Debug|Any CPU
		{F0D96468-51EA-43D1-8179-4BBAF1CF98AD}.Release|Any CPU.ActiveCfg = Release|Any CPU
		{F0D96468-51EA-43D1-8179-4BBAF1CF98AD}.Release|Any CPU.Build.0 = Release|Any CPU
		{F0D96468-51EA-43D1-8179-4BBAF1CF98AD}.Release|ARM.ActiveCfg = Release|Any CPU
		{F0D96468-51EA-43D1-8179-4BBAF1CF98AD}.Release|ARM.Build.0 = Release|Any CPU
		{F0D96468-51EA-43D1-8179-4BBAF1CF98AD}.Release|ARM64.ActiveCfg = Release|Any CPU
		{F0D96468-51EA-43D1-8179-4BBAF1CF98AD}.Release|ARM64.Build.0 = Release|Any CPU
		{F0D96468-51EA-43D1-8179-4BBAF1CF98AD}.Release|x64.ActiveCfg = Release|Any CPU
		{F0D96468-51EA-43D1-8179-4BBAF1CF98AD}.Release|x64.Build.0 = Release|Any CPU
		{F0D96468-51EA-43D1-8179-4BBAF1CF98AD}.Release|x86.ActiveCfg = Release|Any CPU
		{F0D96468-51EA-43D1-8179-4BBAF1CF98AD}.Release|x86.Build.0 = Release|Any CPU
		{C806E973-56E5-430F-9503-24F645A04A72}.Debug|Any CPU.ActiveCfg = Debug|Any CPU
		{C806E973-56E5-430F-9503-24F645A04A72}.Debug|Any CPU.Build.0 = Debug|Any CPU
		{C806E973-56E5-430F-9503-24F645A04A72}.Debug|ARM.ActiveCfg = Debug|Any CPU
		{C806E973-56E5-430F-9503-24F645A04A72}.Debug|ARM.Build.0 = Debug|Any CPU
		{C806E973-56E5-430F-9503-24F645A04A72}.Debug|ARM64.ActiveCfg = Debug|Any CPU
		{C806E973-56E5-430F-9503-24F645A04A72}.Debug|ARM64.Build.0 = Debug|Any CPU
		{C806E973-56E5-430F-9503-24F645A04A72}.Debug|x64.ActiveCfg = Debug|Any CPU
		{C806E973-56E5-430F-9503-24F645A04A72}.Debug|x64.Build.0 = Debug|Any CPU
		{C806E973-56E5-430F-9503-24F645A04A72}.Debug|x86.ActiveCfg = Debug|Any CPU
		{C806E973-56E5-430F-9503-24F645A04A72}.Debug|x86.Build.0 = Debug|Any CPU
		{C806E973-56E5-430F-9503-24F645A04A72}.Release|Any CPU.ActiveCfg = Release|Any CPU
		{C806E973-56E5-430F-9503-24F645A04A72}.Release|Any CPU.Build.0 = Release|Any CPU
		{C806E973-56E5-430F-9503-24F645A04A72}.Release|ARM.ActiveCfg = Release|Any CPU
		{C806E973-56E5-430F-9503-24F645A04A72}.Release|ARM.Build.0 = Release|Any CPU
		{C806E973-56E5-430F-9503-24F645A04A72}.Release|ARM64.ActiveCfg = Release|Any CPU
		{C806E973-56E5-430F-9503-24F645A04A72}.Release|ARM64.Build.0 = Release|Any CPU
		{C806E973-56E5-430F-9503-24F645A04A72}.Release|x64.ActiveCfg = Release|Any CPU
		{C806E973-56E5-430F-9503-24F645A04A72}.Release|x64.Build.0 = Release|Any CPU
		{C806E973-56E5-430F-9503-24F645A04A72}.Release|x86.ActiveCfg = Release|Any CPU
		{C806E973-56E5-430F-9503-24F645A04A72}.Release|x86.Build.0 = Release|Any CPU
		{438D2699-29CB-4229-8934-F220E154E90C}.Debug|Any CPU.ActiveCfg = Debug|Any CPU
		{438D2699-29CB-4229-8934-F220E154E90C}.Debug|Any CPU.Build.0 = Debug|Any CPU
		{438D2699-29CB-4229-8934-F220E154E90C}.Debug|ARM.ActiveCfg = Debug|Any CPU
		{438D2699-29CB-4229-8934-F220E154E90C}.Debug|ARM.Build.0 = Debug|Any CPU
		{438D2699-29CB-4229-8934-F220E154E90C}.Debug|ARM64.ActiveCfg = Debug|Any CPU
		{438D2699-29CB-4229-8934-F220E154E90C}.Debug|ARM64.Build.0 = Debug|Any CPU
		{438D2699-29CB-4229-8934-F220E154E90C}.Debug|x64.ActiveCfg = Debug|Any CPU
		{438D2699-29CB-4229-8934-F220E154E90C}.Debug|x64.Build.0 = Debug|Any CPU
		{438D2699-29CB-4229-8934-F220E154E90C}.Debug|x86.ActiveCfg = Debug|Any CPU
		{438D2699-29CB-4229-8934-F220E154E90C}.Debug|x86.Build.0 = Debug|Any CPU
		{438D2699-29CB-4229-8934-F220E154E90C}.Release|Any CPU.ActiveCfg = Release|Any CPU
		{438D2699-29CB-4229-8934-F220E154E90C}.Release|Any CPU.Build.0 = Release|Any CPU
		{438D2699-29CB-4229-8934-F220E154E90C}.Release|ARM.ActiveCfg = Release|Any CPU
		{438D2699-29CB-4229-8934-F220E154E90C}.Release|ARM.Build.0 = Release|Any CPU
		{438D2699-29CB-4229-8934-F220E154E90C}.Release|ARM64.ActiveCfg = Release|Any CPU
		{438D2699-29CB-4229-8934-F220E154E90C}.Release|ARM64.Build.0 = Release|Any CPU
		{438D2699-29CB-4229-8934-F220E154E90C}.Release|x64.ActiveCfg = Release|Any CPU
		{438D2699-29CB-4229-8934-F220E154E90C}.Release|x64.Build.0 = Release|Any CPU
		{438D2699-29CB-4229-8934-F220E154E90C}.Release|x86.ActiveCfg = Release|Any CPU
		{438D2699-29CB-4229-8934-F220E154E90C}.Release|x86.Build.0 = Release|Any CPU
		{41C5D208-5C59-412D-9565-20190DA03192}.Debug|Any CPU.ActiveCfg = Debug|Any CPU
		{41C5D208-5C59-412D-9565-20190DA03192}.Debug|Any CPU.Build.0 = Debug|Any CPU
		{41C5D208-5C59-412D-9565-20190DA03192}.Debug|ARM.ActiveCfg = Debug|Any CPU
		{41C5D208-5C59-412D-9565-20190DA03192}.Debug|ARM.Build.0 = Debug|Any CPU
		{41C5D208-5C59-412D-9565-20190DA03192}.Debug|ARM64.ActiveCfg = Debug|Any CPU
		{41C5D208-5C59-412D-9565-20190DA03192}.Debug|ARM64.Build.0 = Debug|Any CPU
		{41C5D208-5C59-412D-9565-20190DA03192}.Debug|x64.ActiveCfg = Debug|Any CPU
		{41C5D208-5C59-412D-9565-20190DA03192}.Debug|x64.Build.0 = Debug|Any CPU
		{41C5D208-5C59-412D-9565-20190DA03192}.Debug|x86.ActiveCfg = Debug|Any CPU
		{41C5D208-5C59-412D-9565-20190DA03192}.Debug|x86.Build.0 = Debug|Any CPU
		{41C5D208-5C59-412D-9565-20190DA03192}.Release|Any CPU.ActiveCfg = Release|Any CPU
		{41C5D208-5C59-412D-9565-20190DA03192}.Release|Any CPU.Build.0 = Release|Any CPU
		{41C5D208-5C59-412D-9565-20190DA03192}.Release|ARM.ActiveCfg = Release|Any CPU
		{41C5D208-5C59-412D-9565-20190DA03192}.Release|ARM.Build.0 = Release|Any CPU
		{41C5D208-5C59-412D-9565-20190DA03192}.Release|ARM64.ActiveCfg = Release|Any CPU
		{41C5D208-5C59-412D-9565-20190DA03192}.Release|ARM64.Build.0 = Release|Any CPU
		{41C5D208-5C59-412D-9565-20190DA03192}.Release|x64.ActiveCfg = Release|Any CPU
		{41C5D208-5C59-412D-9565-20190DA03192}.Release|x64.Build.0 = Release|Any CPU
		{41C5D208-5C59-412D-9565-20190DA03192}.Release|x86.ActiveCfg = Release|Any CPU
		{41C5D208-5C59-412D-9565-20190DA03192}.Release|x86.Build.0 = Release|Any CPU
		{F73B2477-9551-4806-BF2C-407ED78CA9C0}.Debug|Any CPU.ActiveCfg = Debug|Any CPU
		{F73B2477-9551-4806-BF2C-407ED78CA9C0}.Debug|Any CPU.Build.0 = Debug|Any CPU
		{F73B2477-9551-4806-BF2C-407ED78CA9C0}.Debug|ARM.ActiveCfg = Debug|Any CPU
		{F73B2477-9551-4806-BF2C-407ED78CA9C0}.Debug|ARM.Build.0 = Debug|Any CPU
		{F73B2477-9551-4806-BF2C-407ED78CA9C0}.Debug|ARM64.ActiveCfg = Debug|Any CPU
		{F73B2477-9551-4806-BF2C-407ED78CA9C0}.Debug|ARM64.Build.0 = Debug|Any CPU
		{F73B2477-9551-4806-BF2C-407ED78CA9C0}.Debug|x64.ActiveCfg = Debug|Any CPU
		{F73B2477-9551-4806-BF2C-407ED78CA9C0}.Debug|x64.Build.0 = Debug|Any CPU
		{F73B2477-9551-4806-BF2C-407ED78CA9C0}.Debug|x86.ActiveCfg = Debug|Any CPU
		{F73B2477-9551-4806-BF2C-407ED78CA9C0}.Debug|x86.Build.0 = Debug|Any CPU
		{F73B2477-9551-4806-BF2C-407ED78CA9C0}.Release|Any CPU.ActiveCfg = Release|Any CPU
		{F73B2477-9551-4806-BF2C-407ED78CA9C0}.Release|Any CPU.Build.0 = Release|Any CPU
		{F73B2477-9551-4806-BF2C-407ED78CA9C0}.Release|ARM.ActiveCfg = Release|Any CPU
		{F73B2477-9551-4806-BF2C-407ED78CA9C0}.Release|ARM.Build.0 = Release|Any CPU
		{F73B2477-9551-4806-BF2C-407ED78CA9C0}.Release|ARM64.ActiveCfg = Release|Any CPU
		{F73B2477-9551-4806-BF2C-407ED78CA9C0}.Release|ARM64.Build.0 = Release|Any CPU
		{F73B2477-9551-4806-BF2C-407ED78CA9C0}.Release|x64.ActiveCfg = Release|Any CPU
		{F73B2477-9551-4806-BF2C-407ED78CA9C0}.Release|x64.Build.0 = Release|Any CPU
		{F73B2477-9551-4806-BF2C-407ED78CA9C0}.Release|x86.ActiveCfg = Release|Any CPU
		{F73B2477-9551-4806-BF2C-407ED78CA9C0}.Release|x86.Build.0 = Release|Any CPU
		{88231437-660C-4B2C-AEBB-2D19260A8E51}.Debug|Any CPU.ActiveCfg = Debug|Any CPU
		{88231437-660C-4B2C-AEBB-2D19260A8E51}.Debug|Any CPU.Build.0 = Debug|Any CPU
		{88231437-660C-4B2C-AEBB-2D19260A8E51}.Debug|ARM.ActiveCfg = Debug|Any CPU
		{88231437-660C-4B2C-AEBB-2D19260A8E51}.Debug|ARM.Build.0 = Debug|Any CPU
		{88231437-660C-4B2C-AEBB-2D19260A8E51}.Debug|ARM64.ActiveCfg = Debug|Any CPU
		{88231437-660C-4B2C-AEBB-2D19260A8E51}.Debug|ARM64.Build.0 = Debug|Any CPU
		{88231437-660C-4B2C-AEBB-2D19260A8E51}.Debug|x64.ActiveCfg = Debug|Any CPU
		{88231437-660C-4B2C-AEBB-2D19260A8E51}.Debug|x64.Build.0 = Debug|Any CPU
		{88231437-660C-4B2C-AEBB-2D19260A8E51}.Debug|x86.ActiveCfg = Debug|Any CPU
		{88231437-660C-4B2C-AEBB-2D19260A8E51}.Debug|x86.Build.0 = Debug|Any CPU
		{88231437-660C-4B2C-AEBB-2D19260A8E51}.Release|Any CPU.ActiveCfg = Release|Any CPU
		{88231437-660C-4B2C-AEBB-2D19260A8E51}.Release|Any CPU.Build.0 = Release|Any CPU
		{88231437-660C-4B2C-AEBB-2D19260A8E51}.Release|ARM.ActiveCfg = Release|Any CPU
		{88231437-660C-4B2C-AEBB-2D19260A8E51}.Release|ARM.Build.0 = Release|Any CPU
		{88231437-660C-4B2C-AEBB-2D19260A8E51}.Release|ARM64.ActiveCfg = Release|Any CPU
		{88231437-660C-4B2C-AEBB-2D19260A8E51}.Release|ARM64.Build.0 = Release|Any CPU
		{88231437-660C-4B2C-AEBB-2D19260A8E51}.Release|x64.ActiveCfg = Release|Any CPU
		{88231437-660C-4B2C-AEBB-2D19260A8E51}.Release|x64.Build.0 = Release|Any CPU
		{88231437-660C-4B2C-AEBB-2D19260A8E51}.Release|x86.ActiveCfg = Release|Any CPU
		{88231437-660C-4B2C-AEBB-2D19260A8E51}.Release|x86.Build.0 = Release|Any CPU
		{2D5BDB01-4C43-4986-84C5-9B0A5AED5CC3}.Debug|Any CPU.ActiveCfg = Debug|Any CPU
		{2D5BDB01-4C43-4986-84C5-9B0A5AED5CC3}.Debug|Any CPU.Build.0 = Debug|Any CPU
		{2D5BDB01-4C43-4986-84C5-9B0A5AED5CC3}.Debug|ARM.ActiveCfg = Debug|Any CPU
		{2D5BDB01-4C43-4986-84C5-9B0A5AED5CC3}.Debug|ARM.Build.0 = Debug|Any CPU
		{2D5BDB01-4C43-4986-84C5-9B0A5AED5CC3}.Debug|ARM64.ActiveCfg = Debug|Any CPU
		{2D5BDB01-4C43-4986-84C5-9B0A5AED5CC3}.Debug|ARM64.Build.0 = Debug|Any CPU
		{2D5BDB01-4C43-4986-84C5-9B0A5AED5CC3}.Debug|x64.ActiveCfg = Debug|Any CPU
		{2D5BDB01-4C43-4986-84C5-9B0A5AED5CC3}.Debug|x64.Build.0 = Debug|Any CPU
		{2D5BDB01-4C43-4986-84C5-9B0A5AED5CC3}.Debug|x86.ActiveCfg = Debug|Any CPU
		{2D5BDB01-4C43-4986-84C5-9B0A5AED5CC3}.Debug|x86.Build.0 = Debug|Any CPU
		{2D5BDB01-4C43-4986-84C5-9B0A5AED5CC3}.Release|Any CPU.ActiveCfg = Release|Any CPU
		{2D5BDB01-4C43-4986-84C5-9B0A5AED5CC3}.Release|Any CPU.Build.0 = Release|Any CPU
		{2D5BDB01-4C43-4986-84C5-9B0A5AED5CC3}.Release|ARM.ActiveCfg = Release|Any CPU
		{2D5BDB01-4C43-4986-84C5-9B0A5AED5CC3}.Release|ARM.Build.0 = Release|Any CPU
		{2D5BDB01-4C43-4986-84C5-9B0A5AED5CC3}.Release|ARM64.ActiveCfg = Release|Any CPU
		{2D5BDB01-4C43-4986-84C5-9B0A5AED5CC3}.Release|ARM64.Build.0 = Release|Any CPU
		{2D5BDB01-4C43-4986-84C5-9B0A5AED5CC3}.Release|x64.ActiveCfg = Release|Any CPU
		{2D5BDB01-4C43-4986-84C5-9B0A5AED5CC3}.Release|x64.Build.0 = Release|Any CPU
		{2D5BDB01-4C43-4986-84C5-9B0A5AED5CC3}.Release|x86.ActiveCfg = Release|Any CPU
		{2D5BDB01-4C43-4986-84C5-9B0A5AED5CC3}.Release|x86.Build.0 = Release|Any CPU
		{9DC19E9E-D422-49FB-8038-CCECA35A5CFC}.Debug|Any CPU.ActiveCfg = Debug|Any CPU
		{9DC19E9E-D422-49FB-8038-CCECA35A5CFC}.Debug|Any CPU.Build.0 = Debug|Any CPU
		{9DC19E9E-D422-49FB-8038-CCECA35A5CFC}.Debug|ARM.ActiveCfg = Debug|Any CPU
		{9DC19E9E-D422-49FB-8038-CCECA35A5CFC}.Debug|ARM.Build.0 = Debug|Any CPU
		{9DC19E9E-D422-49FB-8038-CCECA35A5CFC}.Debug|ARM64.ActiveCfg = Debug|Any CPU
		{9DC19E9E-D422-49FB-8038-CCECA35A5CFC}.Debug|ARM64.Build.0 = Debug|Any CPU
		{9DC19E9E-D422-49FB-8038-CCECA35A5CFC}.Debug|x64.ActiveCfg = Debug|Any CPU
		{9DC19E9E-D422-49FB-8038-CCECA35A5CFC}.Debug|x64.Build.0 = Debug|Any CPU
		{9DC19E9E-D422-49FB-8038-CCECA35A5CFC}.Debug|x86.ActiveCfg = Debug|Any CPU
		{9DC19E9E-D422-49FB-8038-CCECA35A5CFC}.Debug|x86.Build.0 = Debug|Any CPU
		{9DC19E9E-D422-49FB-8038-CCECA35A5CFC}.Release|Any CPU.ActiveCfg = Release|Any CPU
		{9DC19E9E-D422-49FB-8038-CCECA35A5CFC}.Release|Any CPU.Build.0 = Release|Any CPU
		{9DC19E9E-D422-49FB-8038-CCECA35A5CFC}.Release|ARM.ActiveCfg = Release|Any CPU
		{9DC19E9E-D422-49FB-8038-CCECA35A5CFC}.Release|ARM.Build.0 = Release|Any CPU
		{9DC19E9E-D422-49FB-8038-CCECA35A5CFC}.Release|ARM64.ActiveCfg = Release|Any CPU
		{9DC19E9E-D422-49FB-8038-CCECA35A5CFC}.Release|ARM64.Build.0 = Release|Any CPU
		{9DC19E9E-D422-49FB-8038-CCECA35A5CFC}.Release|x64.ActiveCfg = Release|Any CPU
		{9DC19E9E-D422-49FB-8038-CCECA35A5CFC}.Release|x64.Build.0 = Release|Any CPU
		{9DC19E9E-D422-49FB-8038-CCECA35A5CFC}.Release|x86.ActiveCfg = Release|Any CPU
		{9DC19E9E-D422-49FB-8038-CCECA35A5CFC}.Release|x86.Build.0 = Release|Any CPU
		{F596EB2F-9CB5-4680-AFEA-7121D0EE5C1A}.Debug|Any CPU.ActiveCfg = Debug|Any CPU
		{F596EB2F-9CB5-4680-AFEA-7121D0EE5C1A}.Debug|Any CPU.Build.0 = Debug|Any CPU
		{F596EB2F-9CB5-4680-AFEA-7121D0EE5C1A}.Debug|ARM.ActiveCfg = Debug|Any CPU
		{F596EB2F-9CB5-4680-AFEA-7121D0EE5C1A}.Debug|ARM.Build.0 = Debug|Any CPU
		{F596EB2F-9CB5-4680-AFEA-7121D0EE5C1A}.Debug|ARM64.ActiveCfg = Debug|Any CPU
		{F596EB2F-9CB5-4680-AFEA-7121D0EE5C1A}.Debug|ARM64.Build.0 = Debug|Any CPU
		{F596EB2F-9CB5-4680-AFEA-7121D0EE5C1A}.Debug|x64.ActiveCfg = Debug|Any CPU
		{F596EB2F-9CB5-4680-AFEA-7121D0EE5C1A}.Debug|x64.Build.0 = Debug|Any CPU
		{F596EB2F-9CB5-4680-AFEA-7121D0EE5C1A}.Debug|x86.ActiveCfg = Debug|Any CPU
		{F596EB2F-9CB5-4680-AFEA-7121D0EE5C1A}.Debug|x86.Build.0 = Debug|Any CPU
		{F596EB2F-9CB5-4680-AFEA-7121D0EE5C1A}.Release|Any CPU.ActiveCfg = Release|Any CPU
		{F596EB2F-9CB5-4680-AFEA-7121D0EE5C1A}.Release|Any CPU.Build.0 = Release|Any CPU
		{F596EB2F-9CB5-4680-AFEA-7121D0EE5C1A}.Release|ARM.ActiveCfg = Release|Any CPU
		{F596EB2F-9CB5-4680-AFEA-7121D0EE5C1A}.Release|ARM.Build.0 = Release|Any CPU
		{F596EB2F-9CB5-4680-AFEA-7121D0EE5C1A}.Release|ARM64.ActiveCfg = Release|Any CPU
		{F596EB2F-9CB5-4680-AFEA-7121D0EE5C1A}.Release|ARM64.Build.0 = Release|Any CPU
		{F596EB2F-9CB5-4680-AFEA-7121D0EE5C1A}.Release|x64.ActiveCfg = Release|Any CPU
		{F596EB2F-9CB5-4680-AFEA-7121D0EE5C1A}.Release|x64.Build.0 = Release|Any CPU
		{F596EB2F-9CB5-4680-AFEA-7121D0EE5C1A}.Release|x86.ActiveCfg = Release|Any CPU
		{F596EB2F-9CB5-4680-AFEA-7121D0EE5C1A}.Release|x86.Build.0 = Release|Any CPU
		{E1D91710-1CE6-4C87-B911-3389D895275D}.Debug|Any CPU.ActiveCfg = Debug|Any CPU
		{E1D91710-1CE6-4C87-B911-3389D895275D}.Debug|Any CPU.Build.0 = Debug|Any CPU
		{E1D91710-1CE6-4C87-B911-3389D895275D}.Debug|ARM.ActiveCfg = Debug|Any CPU
		{E1D91710-1CE6-4C87-B911-3389D895275D}.Debug|ARM.Build.0 = Debug|Any CPU
		{E1D91710-1CE6-4C87-B911-3389D895275D}.Debug|ARM64.ActiveCfg = Debug|Any CPU
		{E1D91710-1CE6-4C87-B911-3389D895275D}.Debug|ARM64.Build.0 = Debug|Any CPU
		{E1D91710-1CE6-4C87-B911-3389D895275D}.Debug|x64.ActiveCfg = Debug|Any CPU
		{E1D91710-1CE6-4C87-B911-3389D895275D}.Debug|x64.Build.0 = Debug|Any CPU
		{E1D91710-1CE6-4C87-B911-3389D895275D}.Debug|x86.ActiveCfg = Debug|Any CPU
		{E1D91710-1CE6-4C87-B911-3389D895275D}.Debug|x86.Build.0 = Debug|Any CPU
		{E1D91710-1CE6-4C87-B911-3389D895275D}.Release|Any CPU.ActiveCfg = Release|Any CPU
		{E1D91710-1CE6-4C87-B911-3389D895275D}.Release|Any CPU.Build.0 = Release|Any CPU
		{E1D91710-1CE6-4C87-B911-3389D895275D}.Release|ARM.ActiveCfg = Release|Any CPU
		{E1D91710-1CE6-4C87-B911-3389D895275D}.Release|ARM.Build.0 = Release|Any CPU
		{E1D91710-1CE6-4C87-B911-3389D895275D}.Release|ARM64.ActiveCfg = Release|Any CPU
		{E1D91710-1CE6-4C87-B911-3389D895275D}.Release|ARM64.Build.0 = Release|Any CPU
		{E1D91710-1CE6-4C87-B911-3389D895275D}.Release|x64.ActiveCfg = Release|Any CPU
		{E1D91710-1CE6-4C87-B911-3389D895275D}.Release|x64.Build.0 = Release|Any CPU
		{E1D91710-1CE6-4C87-B911-3389D895275D}.Release|x86.ActiveCfg = Release|Any CPU
		{E1D91710-1CE6-4C87-B911-3389D895275D}.Release|x86.Build.0 = Release|Any CPU
		{42464162-924C-4BE7-8F8D-5FD4488B9BD7}.Debug|Any CPU.ActiveCfg = Debug|Any CPU
		{42464162-924C-4BE7-8F8D-5FD4488B9BD7}.Debug|Any CPU.Build.0 = Debug|Any CPU
		{42464162-924C-4BE7-8F8D-5FD4488B9BD7}.Debug|ARM.ActiveCfg = Debug|Any CPU
		{42464162-924C-4BE7-8F8D-5FD4488B9BD7}.Debug|ARM.Build.0 = Debug|Any CPU
		{42464162-924C-4BE7-8F8D-5FD4488B9BD7}.Debug|ARM64.ActiveCfg = Debug|Any CPU
		{42464162-924C-4BE7-8F8D-5FD4488B9BD7}.Debug|ARM64.Build.0 = Debug|Any CPU
		{42464162-924C-4BE7-8F8D-5FD4488B9BD7}.Debug|x64.ActiveCfg = Debug|Any CPU
		{42464162-924C-4BE7-8F8D-5FD4488B9BD7}.Debug|x64.Build.0 = Debug|Any CPU
		{42464162-924C-4BE7-8F8D-5FD4488B9BD7}.Debug|x86.ActiveCfg = Debug|Any CPU
		{42464162-924C-4BE7-8F8D-5FD4488B9BD7}.Debug|x86.Build.0 = Debug|Any CPU
		{42464162-924C-4BE7-8F8D-5FD4488B9BD7}.Release|Any CPU.ActiveCfg = Release|Any CPU
		{42464162-924C-4BE7-8F8D-5FD4488B9BD7}.Release|Any CPU.Build.0 = Release|Any CPU
		{42464162-924C-4BE7-8F8D-5FD4488B9BD7}.Release|ARM.ActiveCfg = Release|Any CPU
		{42464162-924C-4BE7-8F8D-5FD4488B9BD7}.Release|ARM.Build.0 = Release|Any CPU
		{42464162-924C-4BE7-8F8D-5FD4488B9BD7}.Release|ARM64.ActiveCfg = Release|Any CPU
		{42464162-924C-4BE7-8F8D-5FD4488B9BD7}.Release|ARM64.Build.0 = Release|Any CPU
		{42464162-924C-4BE7-8F8D-5FD4488B9BD7}.Release|x64.ActiveCfg = Release|Any CPU
		{42464162-924C-4BE7-8F8D-5FD4488B9BD7}.Release|x64.Build.0 = Release|Any CPU
		{42464162-924C-4BE7-8F8D-5FD4488B9BD7}.Release|x86.ActiveCfg = Release|Any CPU
		{42464162-924C-4BE7-8F8D-5FD4488B9BD7}.Release|x86.Build.0 = Release|Any CPU
	EndGlobalSection
	GlobalSection(SolutionProperties) = preSolution
		HideSolutionNode = FALSE
	EndGlobalSection
	GlobalSection(NestedProjects) = preSolution
		{B394F127-E2CB-4045-8DED-BC716973ABA8} = {0FF2AC96-AF88-4566-AC3E-020A95E2BE58}
		{41C5D208-5C59-412D-9565-20190DA03192} = {B394F127-E2CB-4045-8DED-BC716973ABA8}
		{F73B2477-9551-4806-BF2C-407ED78CA9C0} = {B394F127-E2CB-4045-8DED-BC716973ABA8}
		{9438BBBF-6A34-4593-9FA4-6AAC4C09943F} = {0FF2AC96-AF88-4566-AC3E-020A95E2BE58}
		{D72A6445-552B-46F6-AECC-67FF34658332} = {0FF2AC96-AF88-4566-AC3E-020A95E2BE58}
		{2D5BDB01-4C43-4986-84C5-9B0A5AED5CC3} = {D72A6445-552B-46F6-AECC-67FF34658332}
		{9DC19E9E-D422-49FB-8038-CCECA35A5CFC} = {9438BBBF-6A34-4593-9FA4-6AAC4C09943F}
		{8CAF290E-FDDE-43A4-A50E-254BEC69853C} = {0FF2AC96-AF88-4566-AC3E-020A95E2BE58}
		{E1D91710-1CE6-4C87-B911-3389D895275D} = {8CAF290E-FDDE-43A4-A50E-254BEC69853C}
		{42464162-924C-4BE7-8F8D-5FD4488B9BD7} = {0FF2AC96-AF88-4566-AC3E-020A95E2BE58}
	EndGlobalSection
	GlobalSection(ExtensibilityGlobals) = postSolution
		SolutionGuid = {E12EEAF3-BD7A-4629-8CC8-2DF20FE2C73A}
	EndGlobalSection
EndGlobal
