
Microsoft Visual Studio Solution File, Format Version 12.00
# Visual Studio Version 16
VisualStudioVersion = 16.0.29123.88
MinimumVisualStudioVersion = 10.0.40219.1
Project("{2150E333-8FDC-42A3-9474-1A3956D46DE8}") = "Network", "Network", "{80CC2BD6-6586-435D-96C2-139B34EB7053}"
EndProject
Project("{9A19103F-16F7-4668-BE54-9A1E7A4F7556}") = "Devdeb.Network", "Network\Devdeb.Network\Devdeb.Network.csproj", "{B764006B-3603-4A22-ACCD-C5A5EF2EC272}"
EndProject
Project("{2150E333-8FDC-42A3-9474-1A3956D46DE8}") = "Tests", "Tests", "{340A90B1-69F8-402C-870E-D79CB6A005FC}"
EndProject
Project("{9A19103F-16F7-4668-BE54-9A1E7A4F7556}") = "Devdeb.Network.Tests.Client", "Network\Tests\Devdeb.Network.Tests.Client\Devdeb.Network.Tests.Client.csproj", "{E55F00FC-BF4E-4CA9-A2A3-231DE1BA0BB0}"
EndProject
Project("{9A19103F-16F7-4668-BE54-9A1E7A4F7556}") = "Devdeb.Network.Tests.Server", "Network\Tests\Devdeb.Network.Tests.Server\Devdeb.Network.Tests.Server.csproj", "{073D345D-DD68-4A44-8DAA-3E533321F7FF}"
EndProject
Project("{2150E333-8FDC-42A3-9474-1A3956D46DE8}") = "Cryptography", "Cryptography", "{2685B54E-7DA5-4454-A04A-42926FD1490E}"
EndProject
Project("{9A19103F-16F7-4668-BE54-9A1E7A4F7556}") = "Devdeb.Cryptography", "Cryptography\Devdeb.Cryptography\Devdeb.Cryptography.csproj", "{F09D76A7-9910-47B3-86E9-B8DE53830566}"
EndProject
Project("{2150E333-8FDC-42A3-9474-1A3956D46DE8}") = "Tests", "Tests", "{8253B5A1-67A9-440E-ACFA-19972643F8FB}"
EndProject
Project("{2150E333-8FDC-42A3-9474-1A3956D46DE8}") = "Serialization", "Serialization", "{3C88E880-7043-4A24-AA30-7A1A6C6331B1}"
EndProject
Project("{9A19103F-16F7-4668-BE54-9A1E7A4F7556}") = "Devdeb.Serialization", "Serialization\Devdeb.Serialization\Devdeb.Serialization.csproj", "{BF2F6F04-3786-4B14-937E-D9D147C1F053}"
EndProject
Project("{2150E333-8FDC-42A3-9474-1A3956D46DE8}") = "Tests", "Tests", "{CE52B616-65FF-4485-84A8-B6A2D7158802}"
EndProject
Project("{2150E333-8FDC-42A3-9474-1A3956D46DE8}") = "Sets", "Sets", "{28766805-472C-44E7-93B9-CA3DD44DF8A1}"
EndProject
Project("{2150E333-8FDC-42A3-9474-1A3956D46DE8}") = "Tests", "Tests", "{C0BA5CCD-E0FC-49CD-8DCC-B61D92A712AA}"
EndProject
Project("{9A19103F-16F7-4668-BE54-9A1E7A4F7556}") = "Devdeb.Sets", "Sets\Devdeb.Sets\Devdeb.Sets.csproj", "{050104C2-2E8E-4B26-B76E-2BBC362131A8}"
EndProject
Project("{2150E333-8FDC-42A3-9474-1A3956D46DE8}") = "WPF", "WPF", "{574C45B8-1855-4E2D-B632-6D28F7DCE0FC}"
EndProject
Project("{FAE04EC0-301F-11D3-BF4B-00C04F79EFBC}") = "Devdeb.WPF", "WPF\Devdeb.WPF\Devdeb.WPF.csproj", "{A5581A66-546C-486E-959F-21105EDF0E34}"
EndProject
Project("{2150E333-8FDC-42A3-9474-1A3956D46DE8}") = "Math", "Math", "{39432E08-62B1-45F5-AEE1-511E3AC93DEB}"
EndProject
Project("{9A19103F-16F7-4668-BE54-9A1E7A4F7556}") = "Devdeb.Math", "Math\Devdeb.Math\Devdeb.Math.csproj", "{E126F68C-F9B0-4E31-8065-507BD45992DE}"
EndProject
Project("{9A19103F-16F7-4668-BE54-9A1E7A4F7556}") = "Devdeb.Cryptography.Tests", "Cryptography\Tests\Devdeb.Cryptography.Tests\Devdeb.Cryptography.Tests.csproj", "{764EB11E-166E-4FF9-AD22-F72BCAA2C797}"
EndProject
Project("{9A19103F-16F7-4668-BE54-9A1E7A4F7556}") = "Devdeb.Sets.Tests", "Sets\Tests\Devdeb.Sets.Tests\Devdeb.Sets.Tests.csproj", "{51483971-900F-4019-BBEF-F2886A90643B}"
EndProject
Project("{2150E333-8FDC-42A3-9474-1A3956D46DE8}") = "Storage", "Storage", "{F2BEEFC9-C1F2-4CCC-B201-4512A121898A}"
EndProject
Project("{9A19103F-16F7-4668-BE54-9A1E7A4F7556}") = "Devdeb.Storage", "Storage\Devdeb.Storage\Devdeb.Storage.csproj", "{B61A6B14-FC41-49D7-B9E4-CE564B660A81}"
EndProject
Project("{2150E333-8FDC-42A3-9474-1A3956D46DE8}") = "Tests", "Tests", "{19AAF9A5-72D4-4291-9B4D-223ED56E079C}"
EndProject
Project("{9A19103F-16F7-4668-BE54-9A1E7A4F7556}") = "Devdeb.Storage.Test", "Storage\Tests\Devdeb.Storage.Test\Devdeb.Storage.Test.csproj", "{B5AC4F8C-02EC-4D54-B288-40E9BF8BF73C}"
EndProject
Project("{9A19103F-16F7-4668-BE54-9A1E7A4F7556}") = "Devdeb.Serialization.Tests", "Serialization\Tests\Devdeb.Serialization.Tests\Devdeb.Serialization.Tests.csproj", "{E0F05AB8-BFDA-4652-8AC8-9DA4FB6CE936}"
EndProject
Project("{9A19103F-16F7-4668-BE54-9A1E7A4F7556}") = "Devdeb.Storage.Heap", "Storage\Devdeb.Storage.Heap\Devdeb.Storage.Heap.csproj", "{C26560A9-005B-4BBF-B36B-188A9BB71C5E}"
EndProject
Project("{FAE04EC0-301F-11D3-BF4B-00C04F79EFBC}") = "Devdeb.Network.Tests.Rpc.BusinessLogic", "Network\Tests\Devdeb.Network.Tests.Rpc.BusinessLogic\Devdeb.Network.Tests.Rpc.BusinessLogic.csproj", "{F48091BB-859E-418B-B4BE-31A280702665}"
EndProject
Global
	GlobalSection(SolutionConfigurationPlatforms) = preSolution
		Debug|Any CPU = Debug|Any CPU
		Debug|ARM = Debug|ARM
		Debug|ARM64 = Debug|ARM64
		Debug|x64 = Debug|x64
		Debug|x86 = Debug|x86
		Release|Any CPU = Release|Any CPU
		Release|ARM = Release|ARM
		Release|ARM64 = Release|ARM64
		Release|x64 = Release|x64
		Release|x86 = Release|x86
	EndGlobalSection
	GlobalSection(ProjectConfigurationPlatforms) = postSolution
		{B764006B-3603-4A22-ACCD-C5A5EF2EC272}.Debug|Any CPU.ActiveCfg = Debug|Any CPU
		{B764006B-3603-4A22-ACCD-C5A5EF2EC272}.Debug|Any CPU.Build.0 = Debug|Any CPU
		{B764006B-3603-4A22-ACCD-C5A5EF2EC272}.Debug|ARM.ActiveCfg = Debug|Any CPU
		{B764006B-3603-4A22-ACCD-C5A5EF2EC272}.Debug|ARM.Build.0 = Debug|Any CPU
		{B764006B-3603-4A22-ACCD-C5A5EF2EC272}.Debug|ARM64.ActiveCfg = Debug|Any CPU
		{B764006B-3603-4A22-ACCD-C5A5EF2EC272}.Debug|ARM64.Build.0 = Debug|Any CPU
		{B764006B-3603-4A22-ACCD-C5A5EF2EC272}.Debug|x64.ActiveCfg = Debug|Any CPU
		{B764006B-3603-4A22-ACCD-C5A5EF2EC272}.Debug|x64.Build.0 = Debug|Any CPU
		{B764006B-3603-4A22-ACCD-C5A5EF2EC272}.Debug|x86.ActiveCfg = Debug|Any CPU
		{B764006B-3603-4A22-ACCD-C5A5EF2EC272}.Debug|x86.Build.0 = Debug|Any CPU
		{B764006B-3603-4A22-ACCD-C5A5EF2EC272}.Release|Any CPU.ActiveCfg = Release|Any CPU
		{B764006B-3603-4A22-ACCD-C5A5EF2EC272}.Release|Any CPU.Build.0 = Release|Any CPU
		{B764006B-3603-4A22-ACCD-C5A5EF2EC272}.Release|ARM.ActiveCfg = Release|Any CPU
		{B764006B-3603-4A22-ACCD-C5A5EF2EC272}.Release|ARM.Build.0 = Release|Any CPU
		{B764006B-3603-4A22-ACCD-C5A5EF2EC272}.Release|ARM64.ActiveCfg = Release|Any CPU
		{B764006B-3603-4A22-ACCD-C5A5EF2EC272}.Release|ARM64.Build.0 = Release|Any CPU
		{B764006B-3603-4A22-ACCD-C5A5EF2EC272}.Release|x64.ActiveCfg = Release|Any CPU
		{B764006B-3603-4A22-ACCD-C5A5EF2EC272}.Release|x64.Build.0 = Release|Any CPU
		{B764006B-3603-4A22-ACCD-C5A5EF2EC272}.Release|x86.ActiveCfg = Release|Any CPU
		{B764006B-3603-4A22-ACCD-C5A5EF2EC272}.Release|x86.Build.0 = Release|Any CPU
		{E55F00FC-BF4E-4CA9-A2A3-231DE1BA0BB0}.Debug|Any CPU.ActiveCfg = Debug|Any CPU
		{E55F00FC-BF4E-4CA9-A2A3-231DE1BA0BB0}.Debug|Any CPU.Build.0 = Debug|Any CPU
		{E55F00FC-BF4E-4CA9-A2A3-231DE1BA0BB0}.Debug|ARM.ActiveCfg = Debug|Any CPU
		{E55F00FC-BF4E-4CA9-A2A3-231DE1BA0BB0}.Debug|ARM.Build.0 = Debug|Any CPU
		{E55F00FC-BF4E-4CA9-A2A3-231DE1BA0BB0}.Debug|ARM64.ActiveCfg = Debug|Any CPU
		{E55F00FC-BF4E-4CA9-A2A3-231DE1BA0BB0}.Debug|ARM64.Build.0 = Debug|Any CPU
		{E55F00FC-BF4E-4CA9-A2A3-231DE1BA0BB0}.Debug|x64.ActiveCfg = Debug|Any CPU
		{E55F00FC-BF4E-4CA9-A2A3-231DE1BA0BB0}.Debug|x64.Build.0 = Debug|Any CPU
		{E55F00FC-BF4E-4CA9-A2A3-231DE1BA0BB0}.Debug|x86.ActiveCfg = Debug|Any CPU
		{E55F00FC-BF4E-4CA9-A2A3-231DE1BA0BB0}.Debug|x86.Build.0 = Debug|Any CPU
		{E55F00FC-BF4E-4CA9-A2A3-231DE1BA0BB0}.Release|Any CPU.ActiveCfg = Release|Any CPU
		{E55F00FC-BF4E-4CA9-A2A3-231DE1BA0BB0}.Release|Any CPU.Build.0 = Release|Any CPU
		{E55F00FC-BF4E-4CA9-A2A3-231DE1BA0BB0}.Release|ARM.ActiveCfg = Release|Any CPU
		{E55F00FC-BF4E-4CA9-A2A3-231DE1BA0BB0}.Release|ARM.Build.0 = Release|Any CPU
		{E55F00FC-BF4E-4CA9-A2A3-231DE1BA0BB0}.Release|ARM64.ActiveCfg = Release|Any CPU
		{E55F00FC-BF4E-4CA9-A2A3-231DE1BA0BB0}.Release|ARM64.Build.0 = Release|Any CPU
		{E55F00FC-BF4E-4CA9-A2A3-231DE1BA0BB0}.Release|x64.ActiveCfg = Release|Any CPU
		{E55F00FC-BF4E-4CA9-A2A3-231DE1BA0BB0}.Release|x64.Build.0 = Release|Any CPU
		{E55F00FC-BF4E-4CA9-A2A3-231DE1BA0BB0}.Release|x86.ActiveCfg = Release|Any CPU
		{E55F00FC-BF4E-4CA9-A2A3-231DE1BA0BB0}.Release|x86.Build.0 = Release|Any CPU
		{073D345D-DD68-4A44-8DAA-3E533321F7FF}.Debug|Any CPU.ActiveCfg = Debug|Any CPU
		{073D345D-DD68-4A44-8DAA-3E533321F7FF}.Debug|Any CPU.Build.0 = Debug|Any CPU
		{073D345D-DD68-4A44-8DAA-3E533321F7FF}.Debug|ARM.ActiveCfg = Debug|Any CPU
		{073D345D-DD68-4A44-8DAA-3E533321F7FF}.Debug|ARM.Build.0 = Debug|Any CPU
		{073D345D-DD68-4A44-8DAA-3E533321F7FF}.Debug|ARM64.ActiveCfg = Debug|Any CPU
		{073D345D-DD68-4A44-8DAA-3E533321F7FF}.Debug|ARM64.Build.0 = Debug|Any CPU
		{073D345D-DD68-4A44-8DAA-3E533321F7FF}.Debug|x64.ActiveCfg = Debug|Any CPU
		{073D345D-DD68-4A44-8DAA-3E533321F7FF}.Debug|x64.Build.0 = Debug|Any CPU
		{073D345D-DD68-4A44-8DAA-3E533321F7FF}.Debug|x86.ActiveCfg = Debug|Any CPU
		{073D345D-DD68-4A44-8DAA-3E533321F7FF}.Debug|x86.Build.0 = Debug|Any CPU
		{073D345D-DD68-4A44-8DAA-3E533321F7FF}.Release|Any CPU.ActiveCfg = Release|Any CPU
		{073D345D-DD68-4A44-8DAA-3E533321F7FF}.Release|Any CPU.Build.0 = Release|Any CPU
		{073D345D-DD68-4A44-8DAA-3E533321F7FF}.Release|ARM.ActiveCfg = Release|Any CPU
		{073D345D-DD68-4A44-8DAA-3E533321F7FF}.Release|ARM.Build.0 = Release|Any CPU
		{073D345D-DD68-4A44-8DAA-3E533321F7FF}.Release|ARM64.ActiveCfg = Release|Any CPU
		{073D345D-DD68-4A44-8DAA-3E533321F7FF}.Release|ARM64.Build.0 = Release|Any CPU
		{073D345D-DD68-4A44-8DAA-3E533321F7FF}.Release|x64.ActiveCfg = Release|Any CPU
		{073D345D-DD68-4A44-8DAA-3E533321F7FF}.Release|x64.Build.0 = Release|Any CPU
		{073D345D-DD68-4A44-8DAA-3E533321F7FF}.Release|x86.ActiveCfg = Release|Any CPU
		{073D345D-DD68-4A44-8DAA-3E533321F7FF}.Release|x86.Build.0 = Release|Any CPU
		{F09D76A7-9910-47B3-86E9-B8DE53830566}.Debug|Any CPU.ActiveCfg = Debug|Any CPU
		{F09D76A7-9910-47B3-86E9-B8DE53830566}.Debug|Any CPU.Build.0 = Debug|Any CPU
		{F09D76A7-9910-47B3-86E9-B8DE53830566}.Debug|ARM.ActiveCfg = Debug|Any CPU
		{F09D76A7-9910-47B3-86E9-B8DE53830566}.Debug|ARM.Build.0 = Debug|Any CPU
		{F09D76A7-9910-47B3-86E9-B8DE53830566}.Debug|ARM64.ActiveCfg = Debug|Any CPU
		{F09D76A7-9910-47B3-86E9-B8DE53830566}.Debug|ARM64.Build.0 = Debug|Any CPU
		{F09D76A7-9910-47B3-86E9-B8DE53830566}.Debug|x64.ActiveCfg = Debug|Any CPU
		{F09D76A7-9910-47B3-86E9-B8DE53830566}.Debug|x64.Build.0 = Debug|Any CPU
		{F09D76A7-9910-47B3-86E9-B8DE53830566}.Debug|x86.ActiveCfg = Debug|Any CPU
		{F09D76A7-9910-47B3-86E9-B8DE53830566}.Debug|x86.Build.0 = Debug|Any CPU
		{F09D76A7-9910-47B3-86E9-B8DE53830566}.Release|Any CPU.ActiveCfg = Release|Any CPU
		{F09D76A7-9910-47B3-86E9-B8DE53830566}.Release|Any CPU.Build.0 = Release|Any CPU
		{F09D76A7-9910-47B3-86E9-B8DE53830566}.Release|ARM.ActiveCfg = Release|Any CPU
		{F09D76A7-9910-47B3-86E9-B8DE53830566}.Release|ARM.Build.0 = Release|Any CPU
		{F09D76A7-9910-47B3-86E9-B8DE53830566}.Release|ARM64.ActiveCfg = Release|Any CPU
		{F09D76A7-9910-47B3-86E9-B8DE53830566}.Release|ARM64.Build.0 = Release|Any CPU
		{F09D76A7-9910-47B3-86E9-B8DE53830566}.Release|x64.ActiveCfg = Release|Any CPU
		{F09D76A7-9910-47B3-86E9-B8DE53830566}.Release|x64.Build.0 = Release|Any CPU
		{F09D76A7-9910-47B3-86E9-B8DE53830566}.Release|x86.ActiveCfg = Release|Any CPU
		{F09D76A7-9910-47B3-86E9-B8DE53830566}.Release|x86.Build.0 = Release|Any CPU
		{BF2F6F04-3786-4B14-937E-D9D147C1F053}.Debug|Any CPU.ActiveCfg = Debug|Any CPU
		{BF2F6F04-3786-4B14-937E-D9D147C1F053}.Debug|Any CPU.Build.0 = Debug|Any CPU
		{BF2F6F04-3786-4B14-937E-D9D147C1F053}.Debug|ARM.ActiveCfg = Debug|Any CPU
		{BF2F6F04-3786-4B14-937E-D9D147C1F053}.Debug|ARM.Build.0 = Debug|Any CPU
		{BF2F6F04-3786-4B14-937E-D9D147C1F053}.Debug|ARM64.ActiveCfg = Debug|Any CPU
		{BF2F6F04-3786-4B14-937E-D9D147C1F053}.Debug|ARM64.Build.0 = Debug|Any CPU
		{BF2F6F04-3786-4B14-937E-D9D147C1F053}.Debug|x64.ActiveCfg = Debug|Any CPU
		{BF2F6F04-3786-4B14-937E-D9D147C1F053}.Debug|x64.Build.0 = Debug|Any CPU
		{BF2F6F04-3786-4B14-937E-D9D147C1F053}.Debug|x86.ActiveCfg = Debug|Any CPU
		{BF2F6F04-3786-4B14-937E-D9D147C1F053}.Debug|x86.Build.0 = Debug|Any CPU
		{BF2F6F04-3786-4B14-937E-D9D147C1F053}.Release|Any CPU.ActiveCfg = Release|Any CPU
		{BF2F6F04-3786-4B14-937E-D9D147C1F053}.Release|Any CPU.Build.0 = Release|Any CPU
		{BF2F6F04-3786-4B14-937E-D9D147C1F053}.Release|ARM.ActiveCfg = Release|Any CPU
		{BF2F6F04-3786-4B14-937E-D9D147C1F053}.Release|ARM.Build.0 = Release|Any CPU
		{BF2F6F04-3786-4B14-937E-D9D147C1F053}.Release|ARM64.ActiveCfg = Release|Any CPU
		{BF2F6F04-3786-4B14-937E-D9D147C1F053}.Release|ARM64.Build.0 = Release|Any CPU
		{BF2F6F04-3786-4B14-937E-D9D147C1F053}.Release|x64.ActiveCfg = Release|Any CPU
		{BF2F6F04-3786-4B14-937E-D9D147C1F053}.Release|x64.Build.0 = Release|Any CPU
		{BF2F6F04-3786-4B14-937E-D9D147C1F053}.Release|x86.ActiveCfg = Release|Any CPU
		{BF2F6F04-3786-4B14-937E-D9D147C1F053}.Release|x86.Build.0 = Release|Any CPU
		{050104C2-2E8E-4B26-B76E-2BBC362131A8}.Debug|Any CPU.ActiveCfg = Debug|Any CPU
		{050104C2-2E8E-4B26-B76E-2BBC362131A8}.Debug|Any CPU.Build.0 = Debug|Any CPU
		{050104C2-2E8E-4B26-B76E-2BBC362131A8}.Debug|ARM.ActiveCfg = Debug|Any CPU
		{050104C2-2E8E-4B26-B76E-2BBC362131A8}.Debug|ARM.Build.0 = Debug|Any CPU
		{050104C2-2E8E-4B26-B76E-2BBC362131A8}.Debug|ARM64.ActiveCfg = Debug|Any CPU
		{050104C2-2E8E-4B26-B76E-2BBC362131A8}.Debug|ARM64.Build.0 = Debug|Any CPU
		{050104C2-2E8E-4B26-B76E-2BBC362131A8}.Debug|x64.ActiveCfg = Debug|Any CPU
		{050104C2-2E8E-4B26-B76E-2BBC362131A8}.Debug|x64.Build.0 = Debug|Any CPU
		{050104C2-2E8E-4B26-B76E-2BBC362131A8}.Debug|x86.ActiveCfg = Debug|Any CPU
		{050104C2-2E8E-4B26-B76E-2BBC362131A8}.Debug|x86.Build.0 = Debug|Any CPU
		{050104C2-2E8E-4B26-B76E-2BBC362131A8}.Release|Any CPU.ActiveCfg = Release|Any CPU
		{050104C2-2E8E-4B26-B76E-2BBC362131A8}.Release|Any CPU.Build.0 = Release|Any CPU
		{050104C2-2E8E-4B26-B76E-2BBC362131A8}.Release|ARM.ActiveCfg = Release|Any CPU
		{050104C2-2E8E-4B26-B76E-2BBC362131A8}.Release|ARM.Build.0 = Release|Any CPU
		{050104C2-2E8E-4B26-B76E-2BBC362131A8}.Release|ARM64.ActiveCfg = Release|Any CPU
		{050104C2-2E8E-4B26-B76E-2BBC362131A8}.Release|ARM64.Build.0 = Release|Any CPU
		{050104C2-2E8E-4B26-B76E-2BBC362131A8}.Release|x64.ActiveCfg = Release|Any CPU
		{050104C2-2E8E-4B26-B76E-2BBC362131A8}.Release|x64.Build.0 = Release|Any CPU
		{050104C2-2E8E-4B26-B76E-2BBC362131A8}.Release|x86.ActiveCfg = Release|Any CPU
		{050104C2-2E8E-4B26-B76E-2BBC362131A8}.Release|x86.Build.0 = Release|Any CPU
		{A5581A66-546C-486E-959F-21105EDF0E34}.Debug|Any CPU.ActiveCfg = Debug|Any CPU
		{A5581A66-546C-486E-959F-21105EDF0E34}.Debug|Any CPU.Build.0 = Debug|Any CPU
		{A5581A66-546C-486E-959F-21105EDF0E34}.Debug|ARM.ActiveCfg = Debug|Any CPU
		{A5581A66-546C-486E-959F-21105EDF0E34}.Debug|ARM.Build.0 = Debug|Any CPU
		{A5581A66-546C-486E-959F-21105EDF0E34}.Debug|ARM64.ActiveCfg = Debug|Any CPU
		{A5581A66-546C-486E-959F-21105EDF0E34}.Debug|ARM64.Build.0 = Debug|Any CPU
		{A5581A66-546C-486E-959F-21105EDF0E34}.Debug|x64.ActiveCfg = Debug|Any CPU
		{A5581A66-546C-486E-959F-21105EDF0E34}.Debug|x64.Build.0 = Debug|Any CPU
		{A5581A66-546C-486E-959F-21105EDF0E34}.Debug|x86.ActiveCfg = Debug|Any CPU
		{A5581A66-546C-486E-959F-21105EDF0E34}.Debug|x86.Build.0 = Debug|Any CPU
		{A5581A66-546C-486E-959F-21105EDF0E34}.Release|Any CPU.ActiveCfg = Release|Any CPU
		{A5581A66-546C-486E-959F-21105EDF0E34}.Release|Any CPU.Build.0 = Release|Any CPU
		{A5581A66-546C-486E-959F-21105EDF0E34}.Release|ARM.ActiveCfg = Release|Any CPU
		{A5581A66-546C-486E-959F-21105EDF0E34}.Release|ARM.Build.0 = Release|Any CPU
		{A5581A66-546C-486E-959F-21105EDF0E34}.Release|ARM64.ActiveCfg = Release|Any CPU
		{A5581A66-546C-486E-959F-21105EDF0E34}.Release|ARM64.Build.0 = Release|Any CPU
		{A5581A66-546C-486E-959F-21105EDF0E34}.Release|x64.ActiveCfg = Release|Any CPU
		{A5581A66-546C-486E-959F-21105EDF0E34}.Release|x64.Build.0 = Release|Any CPU
		{A5581A66-546C-486E-959F-21105EDF0E34}.Release|x86.ActiveCfg = Release|Any CPU
		{A5581A66-546C-486E-959F-21105EDF0E34}.Release|x86.Build.0 = Release|Any CPU
		{E126F68C-F9B0-4E31-8065-507BD45992DE}.Debug|Any CPU.ActiveCfg = Debug|Any CPU
		{E126F68C-F9B0-4E31-8065-507BD45992DE}.Debug|Any CPU.Build.0 = Debug|Any CPU
		{E126F68C-F9B0-4E31-8065-507BD45992DE}.Debug|ARM.ActiveCfg = Debug|Any CPU
		{E126F68C-F9B0-4E31-8065-507BD45992DE}.Debug|ARM.Build.0 = Debug|Any CPU
		{E126F68C-F9B0-4E31-8065-507BD45992DE}.Debug|ARM64.ActiveCfg = Debug|Any CPU
		{E126F68C-F9B0-4E31-8065-507BD45992DE}.Debug|ARM64.Build.0 = Debug|Any CPU
		{E126F68C-F9B0-4E31-8065-507BD45992DE}.Debug|x64.ActiveCfg = Debug|Any CPU
		{E126F68C-F9B0-4E31-8065-507BD45992DE}.Debug|x64.Build.0 = Debug|Any CPU
		{E126F68C-F9B0-4E31-8065-507BD45992DE}.Debug|x86.ActiveCfg = Debug|Any CPU
		{E126F68C-F9B0-4E31-8065-507BD45992DE}.Debug|x86.Build.0 = Debug|Any CPU
		{E126F68C-F9B0-4E31-8065-507BD45992DE}.Release|Any CPU.ActiveCfg = Release|Any CPU
		{E126F68C-F9B0-4E31-8065-507BD45992DE}.Release|Any CPU.Build.0 = Release|Any CPU
		{E126F68C-F9B0-4E31-8065-507BD45992DE}.Release|ARM.ActiveCfg = Release|Any CPU
		{E126F68C-F9B0-4E31-8065-507BD45992DE}.Release|ARM.Build.0 = Release|Any CPU
		{E126F68C-F9B0-4E31-8065-507BD45992DE}.Release|ARM64.ActiveCfg = Release|Any CPU
		{E126F68C-F9B0-4E31-8065-507BD45992DE}.Release|ARM64.Build.0 = Release|Any CPU
		{E126F68C-F9B0-4E31-8065-507BD45992DE}.Release|x64.ActiveCfg = Release|Any CPU
		{E126F68C-F9B0-4E31-8065-507BD45992DE}.Release|x64.Build.0 = Release|Any CPU
		{E126F68C-F9B0-4E31-8065-507BD45992DE}.Release|x86.ActiveCfg = Release|Any CPU
		{E126F68C-F9B0-4E31-8065-507BD45992DE}.Release|x86.Build.0 = Release|Any CPU
		{764EB11E-166E-4FF9-AD22-F72BCAA2C797}.Debug|Any CPU.ActiveCfg = Debug|Any CPU
		{764EB11E-166E-4FF9-AD22-F72BCAA2C797}.Debug|Any CPU.Build.0 = Debug|Any CPU
		{764EB11E-166E-4FF9-AD22-F72BCAA2C797}.Debug|ARM.ActiveCfg = Debug|Any CPU
		{764EB11E-166E-4FF9-AD22-F72BCAA2C797}.Debug|ARM.Build.0 = Debug|Any CPU
		{764EB11E-166E-4FF9-AD22-F72BCAA2C797}.Debug|ARM64.ActiveCfg = Debug|Any CPU
		{764EB11E-166E-4FF9-AD22-F72BCAA2C797}.Debug|ARM64.Build.0 = Debug|Any CPU
		{764EB11E-166E-4FF9-AD22-F72BCAA2C797}.Debug|x64.ActiveCfg = Debug|Any CPU
		{764EB11E-166E-4FF9-AD22-F72BCAA2C797}.Debug|x64.Build.0 = Debug|Any CPU
		{764EB11E-166E-4FF9-AD22-F72BCAA2C797}.Debug|x86.ActiveCfg = Debug|Any CPU
		{764EB11E-166E-4FF9-AD22-F72BCAA2C797}.Debug|x86.Build.0 = Debug|Any CPU
		{764EB11E-166E-4FF9-AD22-F72BCAA2C797}.Release|Any CPU.ActiveCfg = Release|Any CPU
		{764EB11E-166E-4FF9-AD22-F72BCAA2C797}.Release|Any CPU.Build.0 = Release|Any CPU
		{764EB11E-166E-4FF9-AD22-F72BCAA2C797}.Release|ARM.ActiveCfg = Release|Any CPU
		{764EB11E-166E-4FF9-AD22-F72BCAA2C797}.Release|ARM.Build.0 = Release|Any CPU
		{764EB11E-166E-4FF9-AD22-F72BCAA2C797}.Release|ARM64.ActiveCfg = Release|Any CPU
		{764EB11E-166E-4FF9-AD22-F72BCAA2C797}.Release|ARM64.Build.0 = Release|Any CPU
		{764EB11E-166E-4FF9-AD22-F72BCAA2C797}.Release|x64.ActiveCfg = Release|Any CPU
		{764EB11E-166E-4FF9-AD22-F72BCAA2C797}.Release|x64.Build.0 = Release|Any CPU
		{764EB11E-166E-4FF9-AD22-F72BCAA2C797}.Release|x86.ActiveCfg = Release|Any CPU
		{764EB11E-166E-4FF9-AD22-F72BCAA2C797}.Release|x86.Build.0 = Release|Any CPU
		{51483971-900F-4019-BBEF-F2886A90643B}.Debug|Any CPU.ActiveCfg = Debug|Any CPU
		{51483971-900F-4019-BBEF-F2886A90643B}.Debug|Any CPU.Build.0 = Debug|Any CPU
		{51483971-900F-4019-BBEF-F2886A90643B}.Debug|ARM.ActiveCfg = Debug|Any CPU
		{51483971-900F-4019-BBEF-F2886A90643B}.Debug|ARM.Build.0 = Debug|Any CPU
		{51483971-900F-4019-BBEF-F2886A90643B}.Debug|ARM64.ActiveCfg = Debug|Any CPU
		{51483971-900F-4019-BBEF-F2886A90643B}.Debug|ARM64.Build.0 = Debug|Any CPU
		{51483971-900F-4019-BBEF-F2886A90643B}.Debug|x64.ActiveCfg = Debug|Any CPU
		{51483971-900F-4019-BBEF-F2886A90643B}.Debug|x64.Build.0 = Debug|Any CPU
		{51483971-900F-4019-BBEF-F2886A90643B}.Debug|x86.ActiveCfg = Debug|Any CPU
		{51483971-900F-4019-BBEF-F2886A90643B}.Debug|x86.Build.0 = Debug|Any CPU
		{51483971-900F-4019-BBEF-F2886A90643B}.Release|Any CPU.ActiveCfg = Release|Any CPU
		{51483971-900F-4019-BBEF-F2886A90643B}.Release|Any CPU.Build.0 = Release|Any CPU
		{51483971-900F-4019-BBEF-F2886A90643B}.Release|ARM.ActiveCfg = Release|Any CPU
		{51483971-900F-4019-BBEF-F2886A90643B}.Release|ARM.Build.0 = Release|Any CPU
		{51483971-900F-4019-BBEF-F2886A90643B}.Release|ARM64.ActiveCfg = Release|Any CPU
		{51483971-900F-4019-BBEF-F2886A90643B}.Release|ARM64.Build.0 = Release|Any CPU
		{51483971-900F-4019-BBEF-F2886A90643B}.Release|x64.ActiveCfg = Release|Any CPU
		{51483971-900F-4019-BBEF-F2886A90643B}.Release|x64.Build.0 = Release|Any CPU
		{51483971-900F-4019-BBEF-F2886A90643B}.Release|x86.ActiveCfg = Release|Any CPU
		{51483971-900F-4019-BBEF-F2886A90643B}.Release|x86.Build.0 = Release|Any CPU
		{B61A6B14-FC41-49D7-B9E4-CE564B660A81}.Debug|Any CPU.ActiveCfg = Debug|Any CPU
		{B61A6B14-FC41-49D7-B9E4-CE564B660A81}.Debug|Any CPU.Build.0 = Debug|Any CPU
		{B61A6B14-FC41-49D7-B9E4-CE564B660A81}.Debug|ARM.ActiveCfg = Debug|Any CPU
		{B61A6B14-FC41-49D7-B9E4-CE564B660A81}.Debug|ARM.Build.0 = Debug|Any CPU
		{B61A6B14-FC41-49D7-B9E4-CE564B660A81}.Debug|ARM64.ActiveCfg = Debug|Any CPU
		{B61A6B14-FC41-49D7-B9E4-CE564B660A81}.Debug|ARM64.Build.0 = Debug|Any CPU
		{B61A6B14-FC41-49D7-B9E4-CE564B660A81}.Debug|x64.ActiveCfg = Debug|Any CPU
		{B61A6B14-FC41-49D7-B9E4-CE564B660A81}.Debug|x64.Build.0 = Debug|Any CPU
		{B61A6B14-FC41-49D7-B9E4-CE564B660A81}.Debug|x86.ActiveCfg = Debug|Any CPU
		{B61A6B14-FC41-49D7-B9E4-CE564B660A81}.Debug|x86.Build.0 = Debug|Any CPU
		{B61A6B14-FC41-49D7-B9E4-CE564B660A81}.Release|Any CPU.ActiveCfg = Release|Any CPU
		{B61A6B14-FC41-49D7-B9E4-CE564B660A81}.Release|Any CPU.Build.0 = Release|Any CPU
		{B61A6B14-FC41-49D7-B9E4-CE564B660A81}.Release|ARM.ActiveCfg = Release|Any CPU
		{B61A6B14-FC41-49D7-B9E4-CE564B660A81}.Release|ARM.Build.0 = Release|Any CPU
		{B61A6B14-FC41-49D7-B9E4-CE564B660A81}.Release|ARM64.ActiveCfg = Release|Any CPU
		{B61A6B14-FC41-49D7-B9E4-CE564B660A81}.Release|ARM64.Build.0 = Release|Any CPU
		{B61A6B14-FC41-49D7-B9E4-CE564B660A81}.Release|x64.ActiveCfg = Release|Any CPU
		{B61A6B14-FC41-49D7-B9E4-CE564B660A81}.Release|x64.Build.0 = Release|Any CPU
		{B61A6B14-FC41-49D7-B9E4-CE564B660A81}.Release|x86.ActiveCfg = Release|Any CPU
		{B61A6B14-FC41-49D7-B9E4-CE564B660A81}.Release|x86.Build.0 = Release|Any CPU
		{B5AC4F8C-02EC-4D54-B288-40E9BF8BF73C}.Debug|Any CPU.ActiveCfg = Debug|Any CPU
		{B5AC4F8C-02EC-4D54-B288-40E9BF8BF73C}.Debug|Any CPU.Build.0 = Debug|Any CPU
		{B5AC4F8C-02EC-4D54-B288-40E9BF8BF73C}.Debug|ARM.ActiveCfg = Debug|Any CPU
		{B5AC4F8C-02EC-4D54-B288-40E9BF8BF73C}.Debug|ARM.Build.0 = Debug|Any CPU
		{B5AC4F8C-02EC-4D54-B288-40E9BF8BF73C}.Debug|ARM64.ActiveCfg = Debug|Any CPU
		{B5AC4F8C-02EC-4D54-B288-40E9BF8BF73C}.Debug|ARM64.Build.0 = Debug|Any CPU
		{B5AC4F8C-02EC-4D54-B288-40E9BF8BF73C}.Debug|x64.ActiveCfg = Debug|Any CPU
		{B5AC4F8C-02EC-4D54-B288-40E9BF8BF73C}.Debug|x64.Build.0 = Debug|Any CPU
		{B5AC4F8C-02EC-4D54-B288-40E9BF8BF73C}.Debug|x86.ActiveCfg = Debug|Any CPU
		{B5AC4F8C-02EC-4D54-B288-40E9BF8BF73C}.Debug|x86.Build.0 = Debug|Any CPU
		{B5AC4F8C-02EC-4D54-B288-40E9BF8BF73C}.Release|Any CPU.ActiveCfg = Release|Any CPU
		{B5AC4F8C-02EC-4D54-B288-40E9BF8BF73C}.Release|Any CPU.Build.0 = Release|Any CPU
		{B5AC4F8C-02EC-4D54-B288-40E9BF8BF73C}.Release|ARM.ActiveCfg = Release|Any CPU
		{B5AC4F8C-02EC-4D54-B288-40E9BF8BF73C}.Release|ARM.Build.0 = Release|Any CPU
		{B5AC4F8C-02EC-4D54-B288-40E9BF8BF73C}.Release|ARM64.ActiveCfg = Release|Any CPU
		{B5AC4F8C-02EC-4D54-B288-40E9BF8BF73C}.Release|ARM64.Build.0 = Release|Any CPU
		{B5AC4F8C-02EC-4D54-B288-40E9BF8BF73C}.Release|x64.ActiveCfg = Release|Any CPU
		{B5AC4F8C-02EC-4D54-B288-40E9BF8BF73C}.Release|x64.Build.0 = Release|Any CPU
		{B5AC4F8C-02EC-4D54-B288-40E9BF8BF73C}.Release|x86.ActiveCfg = Release|Any CPU
		{B5AC4F8C-02EC-4D54-B288-40E9BF8BF73C}.Release|x86.Build.0 = Release|Any CPU
		{E0F05AB8-BFDA-4652-8AC8-9DA4FB6CE936}.Debug|Any CPU.ActiveCfg = Debug|Any CPU
		{E0F05AB8-BFDA-4652-8AC8-9DA4FB6CE936}.Debug|Any CPU.Build.0 = Debug|Any CPU
		{E0F05AB8-BFDA-4652-8AC8-9DA4FB6CE936}.Debug|ARM.ActiveCfg = Debug|Any CPU
		{E0F05AB8-BFDA-4652-8AC8-9DA4FB6CE936}.Debug|ARM.Build.0 = Debug|Any CPU
		{E0F05AB8-BFDA-4652-8AC8-9DA4FB6CE936}.Debug|ARM64.ActiveCfg = Debug|Any CPU
		{E0F05AB8-BFDA-4652-8AC8-9DA4FB6CE936}.Debug|ARM64.Build.0 = Debug|Any CPU
		{E0F05AB8-BFDA-4652-8AC8-9DA4FB6CE936}.Debug|x64.ActiveCfg = Debug|Any CPU
		{E0F05AB8-BFDA-4652-8AC8-9DA4FB6CE936}.Debug|x64.Build.0 = Debug|Any CPU
		{E0F05AB8-BFDA-4652-8AC8-9DA4FB6CE936}.Debug|x86.ActiveCfg = Debug|Any CPU
		{E0F05AB8-BFDA-4652-8AC8-9DA4FB6CE936}.Debug|x86.Build.0 = Debug|Any CPU
		{E0F05AB8-BFDA-4652-8AC8-9DA4FB6CE936}.Release|Any CPU.ActiveCfg = Release|Any CPU
		{E0F05AB8-BFDA-4652-8AC8-9DA4FB6CE936}.Release|Any CPU.Build.0 = Release|Any CPU
		{E0F05AB8-BFDA-4652-8AC8-9DA4FB6CE936}.Release|ARM.ActiveCfg = Release|Any CPU
		{E0F05AB8-BFDA-4652-8AC8-9DA4FB6CE936}.Release|ARM.Build.0 = Release|Any CPU
		{E0F05AB8-BFDA-4652-8AC8-9DA4FB6CE936}.Release|ARM64.ActiveCfg = Release|Any CPU
		{E0F05AB8-BFDA-4652-8AC8-9DA4FB6CE936}.Release|ARM64.Build.0 = Release|Any CPU
		{E0F05AB8-BFDA-4652-8AC8-9DA4FB6CE936}.Release|x64.ActiveCfg = Release|Any CPU
		{E0F05AB8-BFDA-4652-8AC8-9DA4FB6CE936}.Release|x64.Build.0 = Release|Any CPU
		{E0F05AB8-BFDA-4652-8AC8-9DA4FB6CE936}.Release|x86.ActiveCfg = Release|Any CPU
		{E0F05AB8-BFDA-4652-8AC8-9DA4FB6CE936}.Release|x86.Build.0 = Release|Any CPU
		{C26560A9-005B-4BBF-B36B-188A9BB71C5E}.Debug|Any CPU.ActiveCfg = Debug|Any CPU
		{C26560A9-005B-4BBF-B36B-188A9BB71C5E}.Debug|Any CPU.Build.0 = Debug|Any CPU
		{C26560A9-005B-4BBF-B36B-188A9BB71C5E}.Debug|ARM.ActiveCfg = Debug|Any CPU
		{C26560A9-005B-4BBF-B36B-188A9BB71C5E}.Debug|ARM.Build.0 = Debug|Any CPU
		{C26560A9-005B-4BBF-B36B-188A9BB71C5E}.Debug|ARM64.ActiveCfg = Debug|Any CPU
		{C26560A9-005B-4BBF-B36B-188A9BB71C5E}.Debug|ARM64.Build.0 = Debug|Any CPU
		{C26560A9-005B-4BBF-B36B-188A9BB71C5E}.Debug|x64.ActiveCfg = Debug|Any CPU
		{C26560A9-005B-4BBF-B36B-188A9BB71C5E}.Debug|x64.Build.0 = Debug|Any CPU
		{C26560A9-005B-4BBF-B36B-188A9BB71C5E}.Debug|x86.ActiveCfg = Debug|Any CPU
		{C26560A9-005B-4BBF-B36B-188A9BB71C5E}.Debug|x86.Build.0 = Debug|Any CPU
		{C26560A9-005B-4BBF-B36B-188A9BB71C5E}.Release|Any CPU.ActiveCfg = Release|Any CPU
		{C26560A9-005B-4BBF-B36B-188A9BB71C5E}.Release|Any CPU.Build.0 = Release|Any CPU
		{C26560A9-005B-4BBF-B36B-188A9BB71C5E}.Release|ARM.ActiveCfg = Release|Any CPU
		{C26560A9-005B-4BBF-B36B-188A9BB71C5E}.Release|ARM.Build.0 = Release|Any CPU
		{C26560A9-005B-4BBF-B36B-188A9BB71C5E}.Release|ARM64.ActiveCfg = Release|Any CPU
		{C26560A9-005B-4BBF-B36B-188A9BB71C5E}.Release|ARM64.Build.0 = Release|Any CPU
		{C26560A9-005B-4BBF-B36B-188A9BB71C5E}.Release|x64.ActiveCfg = Release|Any CPU
		{C26560A9-005B-4BBF-B36B-188A9BB71C5E}.Release|x64.Build.0 = Release|Any CPU
		{C26560A9-005B-4BBF-B36B-188A9BB71C5E}.Release|x86.ActiveCfg = Release|Any CPU
		{C26560A9-005B-4BBF-B36B-188A9BB71C5E}.Release|x86.Build.0 = Release|Any CPU
		{F48091BB-859E-418B-B4BE-31A280702665}.Debug|Any CPU.ActiveCfg = Debug|Any CPU
		{F48091BB-859E-418B-B4BE-31A280702665}.Debug|Any CPU.Build.0 = Debug|Any CPU
		{F48091BB-859E-418B-B4BE-31A280702665}.Debug|ARM.ActiveCfg = Debug|Any CPU
		{F48091BB-859E-418B-B4BE-31A280702665}.Debug|ARM.Build.0 = Debug|Any CPU
		{F48091BB-859E-418B-B4BE-31A280702665}.Debug|ARM64.ActiveCfg = Debug|Any CPU
		{F48091BB-859E-418B-B4BE-31A280702665}.Debug|ARM64.Build.0 = Debug|Any CPU
		{F48091BB-859E-418B-B4BE-31A280702665}.Debug|x64.ActiveCfg = Debug|Any CPU
		{F48091BB-859E-418B-B4BE-31A280702665}.Debug|x64.Build.0 = Debug|Any CPU
		{F48091BB-859E-418B-B4BE-31A280702665}.Debug|x86.ActiveCfg = Debug|Any CPU
		{F48091BB-859E-418B-B4BE-31A280702665}.Debug|x86.Build.0 = Debug|Any CPU
		{F48091BB-859E-418B-B4BE-31A280702665}.Release|Any CPU.ActiveCfg = Release|Any CPU
		{F48091BB-859E-418B-B4BE-31A280702665}.Release|Any CPU.Build.0 = Release|Any CPU
		{F48091BB-859E-418B-B4BE-31A280702665}.Release|ARM.ActiveCfg = Release|Any CPU
		{F48091BB-859E-418B-B4BE-31A280702665}.Release|ARM.Build.0 = Release|Any CPU
		{F48091BB-859E-418B-B4BE-31A280702665}.Release|ARM64.ActiveCfg = Release|Any CPU
		{F48091BB-859E-418B-B4BE-31A280702665}.Release|ARM64.Build.0 = Release|Any CPU
		{F48091BB-859E-418B-B4BE-31A280702665}.Release|x64.ActiveCfg = Release|Any CPU
		{F48091BB-859E-418B-B4BE-31A280702665}.Release|x64.Build.0 = Release|Any CPU
		{F48091BB-859E-418B-B4BE-31A280702665}.Release|x86.ActiveCfg = Release|Any CPU
		{F48091BB-859E-418B-B4BE-31A280702665}.Release|x86.Build.0 = Release|Any CPU
	EndGlobalSection
	GlobalSection(SolutionProperties) = preSolution
		HideSolutionNode = FALSE
	EndGlobalSection
	GlobalSection(NestedProjects) = preSolution
		{B764006B-3603-4A22-ACCD-C5A5EF2EC272} = {80CC2BD6-6586-435D-96C2-139B34EB7053}
		{340A90B1-69F8-402C-870E-D79CB6A005FC} = {80CC2BD6-6586-435D-96C2-139B34EB7053}
		{E55F00FC-BF4E-4CA9-A2A3-231DE1BA0BB0} = {340A90B1-69F8-402C-870E-D79CB6A005FC}
		{073D345D-DD68-4A44-8DAA-3E533321F7FF} = {340A90B1-69F8-402C-870E-D79CB6A005FC}
		{F09D76A7-9910-47B3-86E9-B8DE53830566} = {2685B54E-7DA5-4454-A04A-42926FD1490E}
		{8253B5A1-67A9-440E-ACFA-19972643F8FB} = {2685B54E-7DA5-4454-A04A-42926FD1490E}
		{BF2F6F04-3786-4B14-937E-D9D147C1F053} = {3C88E880-7043-4A24-AA30-7A1A6C6331B1}
		{CE52B616-65FF-4485-84A8-B6A2D7158802} = {3C88E880-7043-4A24-AA30-7A1A6C6331B1}
		{C0BA5CCD-E0FC-49CD-8DCC-B61D92A712AA} = {28766805-472C-44E7-93B9-CA3DD44DF8A1}
		{050104C2-2E8E-4B26-B76E-2BBC362131A8} = {28766805-472C-44E7-93B9-CA3DD44DF8A1}
		{A5581A66-546C-486E-959F-21105EDF0E34} = {574C45B8-1855-4E2D-B632-6D28F7DCE0FC}
		{E126F68C-F9B0-4E31-8065-507BD45992DE} = {39432E08-62B1-45F5-AEE1-511E3AC93DEB}
		{764EB11E-166E-4FF9-AD22-F72BCAA2C797} = {8253B5A1-67A9-440E-ACFA-19972643F8FB}
		{51483971-900F-4019-BBEF-F2886A90643B} = {C0BA5CCD-E0FC-49CD-8DCC-B61D92A712AA}
		{B61A6B14-FC41-49D7-B9E4-CE564B660A81} = {F2BEEFC9-C1F2-4CCC-B201-4512A121898A}
		{19AAF9A5-72D4-4291-9B4D-223ED56E079C} = {F2BEEFC9-C1F2-4CCC-B201-4512A121898A}
		{B5AC4F8C-02EC-4D54-B288-40E9BF8BF73C} = {19AAF9A5-72D4-4291-9B4D-223ED56E079C}
		{E0F05AB8-BFDA-4652-8AC8-9DA4FB6CE936} = {CE52B616-65FF-4485-84A8-B6A2D7158802}
		{C26560A9-005B-4BBF-B36B-188A9BB71C5E} = {F2BEEFC9-C1F2-4CCC-B201-4512A121898A}
		{F48091BB-859E-418B-B4BE-31A280702665} = {340A90B1-69F8-402C-870E-D79CB6A005FC}
	EndGlobalSection
	GlobalSection(ExtensibilityGlobals) = postSolution
		SolutionGuid = {E12EEAF3-BD7A-4629-8CC8-2DF20FE2C73A}
	EndGlobalSection
EndGlobal
