
Microsoft Visual Studio Solution File, Format Version 12.00
# Visual Studio 15
VisualStudioVersion = 15.0.26730.15
MinimumVisualStudioVersion = 10.0.40219.1
Project("{FAE04EC0-301F-11D3-BF4B-00C04F79EFBC}") = "Devdeb", "Devdeb\Devdeb.csproj", "{F3AE47D4-3DA5-4390-983A-4004C35B1B03}"
EndProject
Project("{FAE04EC0-301F-11D3-BF4B-00C04F79EFBC}") = "Devdeb.WPF", "Devdeb.WPF\Devdeb.WPF.csproj", "{A5581A66-546C-486E-959F-21105EDF0E34}"
EndProject
Project("{2150E333-8FDC-42A3-9474-1A3956D46DE8}") = "Tests", "Tests", "{0FF2AC96-AF88-4566-AC3E-020A95E2BE58}"
EndProject
Project("{FAE04EC0-301F-11D3-BF4B-00C04F79EFBC}") = "Devdeb.Test", "Test\Devdeb.Test\Devdeb.Test.csproj", "{62E9887A-94A9-4963-8E1C-2A2F03B5B7BB}"
EndProject
Project("{FAE04EC0-301F-11D3-BF4B-00C04F79EFBC}") = "Devdeb.WPF.Test", "Devdeb.WPF.Test\Devdeb.WPF.Test.csproj", "{1C0E9FEA-BA79-4CBD-8B8F-044D9A1D3AE0}"
EndProject
Global
	GlobalSection(SolutionConfigurationPlatforms) = preSolution
		Debug|Any CPU = Debug|Any CPU
		Debug|ARM = Debug|ARM
		Debug|ARM64 = Debug|ARM64
		Debug|x64 = Debug|x64
		Debug|x86 = Debug|x86
		Release|Any CPU = Release|Any CPU
		Release|ARM = Release|ARM
		Release|ARM64 = Release|ARM64
		Release|x64 = Release|x64
		Release|x86 = Release|x86
	EndGlobalSection
	GlobalSection(ProjectConfigurationPlatforms) = postSolution
		{F3AE47D4-3DA5-4390-983A-4004C35B1B03}.Debug|Any CPU.ActiveCfg = Debug|Any CPU
		{F3AE47D4-3DA5-4390-983A-4004C35B1B03}.Debug|Any CPU.Build.0 = Debug|Any CPU
		{F3AE47D4-3DA5-4390-983A-4004C35B1B03}.Debug|ARM.ActiveCfg = Debug|Any CPU
		{F3AE47D4-3DA5-4390-983A-4004C35B1B03}.Debug|ARM.Build.0 = Debug|Any CPU
		{F3AE47D4-3DA5-4390-983A-4004C35B1B03}.Debug|ARM64.ActiveCfg = Debug|Any CPU
		{F3AE47D4-3DA5-4390-983A-4004C35B1B03}.Debug|ARM64.Build.0 = Debug|Any CPU
		{F3AE47D4-3DA5-4390-983A-4004C35B1B03}.Debug|x64.ActiveCfg = Debug|Any CPU
		{F3AE47D4-3DA5-4390-983A-4004C35B1B03}.Debug|x64.Build.0 = Debug|Any CPU
		{F3AE47D4-3DA5-4390-983A-4004C35B1B03}.Debug|x86.ActiveCfg = Debug|Any CPU
		{F3AE47D4-3DA5-4390-983A-4004C35B1B03}.Debug|x86.Build.0 = Debug|Any CPU
		{F3AE47D4-3DA5-4390-983A-4004C35B1B03}.Release|Any CPU.ActiveCfg = Release|Any CPU
		{F3AE47D4-3DA5-4390-983A-4004C35B1B03}.Release|Any CPU.Build.0 = Release|Any CPU
		{F3AE47D4-3DA5-4390-983A-4004C35B1B03}.Release|ARM.ActiveCfg = Release|Any CPU
		{F3AE47D4-3DA5-4390-983A-4004C35B1B03}.Release|ARM.Build.0 = Release|Any CPU
		{F3AE47D4-3DA5-4390-983A-4004C35B1B03}.Release|ARM64.ActiveCfg = Release|Any CPU
		{F3AE47D4-3DA5-4390-983A-4004C35B1B03}.Release|ARM64.Build.0 = Release|Any CPU
		{F3AE47D4-3DA5-4390-983A-4004C35B1B03}.Release|x64.ActiveCfg = Release|Any CPU
		{F3AE47D4-3DA5-4390-983A-4004C35B1B03}.Release|x64.Build.0 = Release|Any CPU
		{F3AE47D4-3DA5-4390-983A-4004C35B1B03}.Release|x86.ActiveCfg = Release|Any CPU
		{F3AE47D4-3DA5-4390-983A-4004C35B1B03}.Release|x86.Build.0 = Release|Any CPU
		{A5581A66-546C-486E-959F-21105EDF0E34}.Debug|Any CPU.ActiveCfg = Debug|Any CPU
		{A5581A66-546C-486E-959F-21105EDF0E34}.Debug|Any CPU.Build.0 = Debug|Any CPU
		{A5581A66-546C-486E-959F-21105EDF0E34}.Debug|ARM.ActiveCfg = Debug|Any CPU
		{A5581A66-546C-486E-959F-21105EDF0E34}.Debug|ARM.Build.0 = Debug|Any CPU
		{A5581A66-546C-486E-959F-21105EDF0E34}.Debug|ARM64.ActiveCfg = Debug|Any CPU
		{A5581A66-546C-486E-959F-21105EDF0E34}.Debug|ARM64.Build.0 = Debug|Any CPU
		{A5581A66-546C-486E-959F-21105EDF0E34}.Debug|x64.ActiveCfg = Debug|Any CPU
		{A5581A66-546C-486E-959F-21105EDF0E34}.Debug|x64.Build.0 = Debug|Any CPU
		{A5581A66-546C-486E-959F-21105EDF0E34}.Debug|x86.ActiveCfg = Debug|Any CPU
		{A5581A66-546C-486E-959F-21105EDF0E34}.Debug|x86.Build.0 = Debug|Any CPU
		{A5581A66-546C-486E-959F-21105EDF0E34}.Release|Any CPU.ActiveCfg = Release|Any CPU
		{A5581A66-546C-486E-959F-21105EDF0E34}.Release|Any CPU.Build.0 = Release|Any CPU
		{A5581A66-546C-486E-959F-21105EDF0E34}.Release|ARM.ActiveCfg = Release|Any CPU
		{A5581A66-546C-486E-959F-21105EDF0E34}.Release|ARM.Build.0 = Release|Any CPU
		{A5581A66-546C-486E-959F-21105EDF0E34}.Release|ARM64.ActiveCfg = Release|Any CPU
		{A5581A66-546C-486E-959F-21105EDF0E34}.Release|ARM64.Build.0 = Release|Any CPU
		{A5581A66-546C-486E-959F-21105EDF0E34}.Release|x64.ActiveCfg = Release|Any CPU
		{A5581A66-546C-486E-959F-21105EDF0E34}.Release|x64.Build.0 = Release|Any CPU
		{A5581A66-546C-486E-959F-21105EDF0E34}.Release|x86.ActiveCfg = Release|Any CPU
		{A5581A66-546C-486E-959F-21105EDF0E34}.Release|x86.Build.0 = Release|Any CPU
		{62E9887A-94A9-4963-8E1C-2A2F03B5B7BB}.Debug|Any CPU.ActiveCfg = Debug|Any CPU
		{62E9887A-94A9-4963-8E1C-2A2F03B5B7BB}.Debug|Any CPU.Build.0 = Debug|Any CPU
		{62E9887A-94A9-4963-8E1C-2A2F03B5B7BB}.Debug|ARM.ActiveCfg = Debug|Any CPU
		{62E9887A-94A9-4963-8E1C-2A2F03B5B7BB}.Debug|ARM.Build.0 = Debug|Any CPU
		{62E9887A-94A9-4963-8E1C-2A2F03B5B7BB}.Debug|ARM64.ActiveCfg = Debug|Any CPU
		{62E9887A-94A9-4963-8E1C-2A2F03B5B7BB}.Debug|ARM64.Build.0 = Debug|Any CPU
		{62E9887A-94A9-4963-8E1C-2A2F03B5B7BB}.Debug|x64.ActiveCfg = Debug|Any CPU
		{62E9887A-94A9-4963-8E1C-2A2F03B5B7BB}.Debug|x64.Build.0 = Debug|Any CPU
		{62E9887A-94A9-4963-8E1C-2A2F03B5B7BB}.Debug|x86.ActiveCfg = Debug|Any CPU
		{62E9887A-94A9-4963-8E1C-2A2F03B5B7BB}.Debug|x86.Build.0 = Debug|Any CPU
		{62E9887A-94A9-4963-8E1C-2A2F03B5B7BB}.Release|Any CPU.ActiveCfg = Release|Any CPU
		{62E9887A-94A9-4963-8E1C-2A2F03B5B7BB}.Release|Any CPU.Build.0 = Release|Any CPU
		{62E9887A-94A9-4963-8E1C-2A2F03B5B7BB}.Release|ARM.ActiveCfg = Release|Any CPU
		{62E9887A-94A9-4963-8E1C-2A2F03B5B7BB}.Release|ARM.Build.0 = Release|Any CPU
		{62E9887A-94A9-4963-8E1C-2A2F03B5B7BB}.Release|ARM64.ActiveCfg = Release|Any CPU
		{62E9887A-94A9-4963-8E1C-2A2F03B5B7BB}.Release|ARM64.Build.0 = Release|Any CPU
		{62E9887A-94A9-4963-8E1C-2A2F03B5B7BB}.Release|x64.ActiveCfg = Release|Any CPU
		{62E9887A-94A9-4963-8E1C-2A2F03B5B7BB}.Release|x64.Build.0 = Release|Any CPU
		{62E9887A-94A9-4963-8E1C-2A2F03B5B7BB}.Release|x86.ActiveCfg = Release|Any CPU
		{62E9887A-94A9-4963-8E1C-2A2F03B5B7BB}.Release|x86.Build.0 = Release|Any CPU
		{1C0E9FEA-BA79-4CBD-8B8F-044D9A1D3AE0}.Debug|Any CPU.ActiveCfg = Debug|Any CPU
		{1C0E9FEA-BA79-4CBD-8B8F-044D9A1D3AE0}.Debug|Any CPU.Build.0 = Debug|Any CPU
		{1C0E9FEA-BA79-4CBD-8B8F-044D9A1D3AE0}.Debug|ARM.ActiveCfg = Debug|Any CPU
		{1C0E9FEA-BA79-4CBD-8B8F-044D9A1D3AE0}.Debug|ARM.Build.0 = Debug|Any CPU
		{1C0E9FEA-BA79-4CBD-8B8F-044D9A1D3AE0}.Debug|ARM64.ActiveCfg = Debug|Any CPU
		{1C0E9FEA-BA79-4CBD-8B8F-044D9A1D3AE0}.Debug|ARM64.Build.0 = Debug|Any CPU
		{1C0E9FEA-BA79-4CBD-8B8F-044D9A1D3AE0}.Debug|x64.ActiveCfg = Debug|Any CPU
		{1C0E9FEA-BA79-4CBD-8B8F-044D9A1D3AE0}.Debug|x64.Build.0 = Debug|Any CPU
		{1C0E9FEA-BA79-4CBD-8B8F-044D9A1D3AE0}.Debug|x86.ActiveCfg = Debug|Any CPU
		{1C0E9FEA-BA79-4CBD-8B8F-044D9A1D3AE0}.Debug|x86.Build.0 = Debug|Any CPU
		{1C0E9FEA-BA79-4CBD-8B8F-044D9A1D3AE0}.Release|Any CPU.ActiveCfg = Release|Any CPU
		{1C0E9FEA-BA79-4CBD-8B8F-044D9A1D3AE0}.Release|Any CPU.Build.0 = Release|Any CPU
		{1C0E9FEA-BA79-4CBD-8B8F-044D9A1D3AE0}.Release|ARM.ActiveCfg = Release|Any CPU
		{1C0E9FEA-BA79-4CBD-8B8F-044D9A1D3AE0}.Release|ARM.Build.0 = Release|Any CPU
		{1C0E9FEA-BA79-4CBD-8B8F-044D9A1D3AE0}.Release|ARM64.ActiveCfg = Release|Any CPU
		{1C0E9FEA-BA79-4CBD-8B8F-044D9A1D3AE0}.Release|ARM64.Build.0 = Release|Any CPU
		{1C0E9FEA-BA79-4CBD-8B8F-044D9A1D3AE0}.Release|x64.ActiveCfg = Release|Any CPU
		{1C0E9FEA-BA79-4CBD-8B8F-044D9A1D3AE0}.Release|x64.Build.0 = Release|Any CPU
		{1C0E9FEA-BA79-4CBD-8B8F-044D9A1D3AE0}.Release|x86.ActiveCfg = Release|Any CPU
		{1C0E9FEA-BA79-4CBD-8B8F-044D9A1D3AE0}.Release|x86.Build.0 = Release|Any CPU
	EndGlobalSection
	GlobalSection(SolutionProperties) = preSolution
		HideSolutionNode = FALSE
	EndGlobalSection
	GlobalSection(NestedProjects) = preSolution
		{62E9887A-94A9-4963-8E1C-2A2F03B5B7BB} = {0FF2AC96-AF88-4566-AC3E-020A95E2BE58}
		{1C0E9FEA-BA79-4CBD-8B8F-044D9A1D3AE0} = {0FF2AC96-AF88-4566-AC3E-020A95E2BE58}
	EndGlobalSection
	GlobalSection(ExtensibilityGlobals) = postSolution
		SolutionGuid = {E12EEAF3-BD7A-4629-8CC8-2DF20FE2C73A}
	EndGlobalSection
EndGlobal
